
Microsoft Visual Studio Solution File, Format Version 12.00
# Visual Studio Version 17
VisualStudioVersion = 17.4.33213.308
MinimumVisualStudioVersion = 10.0.40219.1
Project("{FAE04EC0-301F-11D3-BF4B-00C04F79EFBC}") = "AnignoDirectorySizeFinder", "AnignoDirectorySizeFinder\AnignoDirectorySizeFinder.csproj", "{82742666-6CA9-44BE-AFCE-43299ECB094C}"
EndProject
Project("{FAE04EC0-301F-11D3-BF4B-00C04F79EFBC}") = "AnignoraIO", "..\Anignora Library 2013\AnignoraIO\AnignoraIO.csproj", "{146F3906-9908-4F11-9836-2A26584BB247}"
EndProject
Project("{FAE04EC0-301F-11D3-BF4B-00C04F79EFBC}") = "AnignoraUI", "..\Anignora Library 2013\AnignoraUI\AnignoraUI.csproj", "{028AE9FE-91DE-4FFB-8DDD-030950DA80B9}"
EndProject
Global
	GlobalSection(SolutionConfigurationPlatforms) = preSolution
		Debug|Any CPU = Debug|Any CPU
		Release|Any CPU = Release|Any CPU
	EndGlobalSection
	GlobalSection(ProjectConfigurationPlatforms) = postSolution
		{82742666-6CA9-44BE-AFCE-43299ECB094C}.Debug|Any CPU.ActiveCfg = Debug|Any CPU
		{82742666-6CA9-44BE-AFCE-43299ECB094C}.Debug|Any CPU.Build.0 = Debug|Any CPU
		{82742666-6CA9-44BE-AFCE-43299ECB094C}.Release|Any CPU.ActiveCfg = Release|Any CPU
		{82742666-6CA9-44BE-AFCE-43299ECB094C}.Release|Any CPU.Build.0 = Release|Any CPU
		{146F3906-9908-4F11-9836-2A26584BB247}.Debug|Any CPU.ActiveCfg = Debug|Any CPU
		{146F3906-9908-4F11-9836-2A26584BB247}.Debug|Any CPU.Build.0 = Debug|Any CPU
		{146F3906-9908-4F11-9836-2A26584BB247}.Release|Any CPU.ActiveCfg = Release|Any CPU
		{146F3906-9908-4F11-9836-2A26584BB247}.Release|Any CPU.Build.0 = Release|Any CPU
		{028AE9FE-91DE-4FFB-8DDD-030950DA80B9}.Debug|Any CPU.ActiveCfg = Debug|Any CPU
		{028AE9FE-91DE-4FFB-8DDD-030950DA80B9}.Debug|Any CPU.Build.0 = Debug|Any CPU
		{028AE9FE-91DE-4FFB-8DDD-030950DA80B9}.Release|Any CPU.ActiveCfg = Release|Any CPU
		{028AE9FE-91DE-4FFB-8DDD-030950DA80B9}.Release|Any CPU.Build.0 = Release|Any CPU
	EndGlobalSection
	GlobalSection(SolutionProperties) = preSolution
		HideSolutionNode = FALSE
	EndGlobalSection
	GlobalSection(ExtensibilityGlobals) = postSolution
		SolutionGuid = {A4F2D383-70A4-44CF-B3FA-EDCB63550415}
	EndGlobalSection
EndGlobal
