
Microsoft Visual Studio Solution File, Format Version 12.00
# Visual Studio Version 17
VisualStudioVersion = 17.4.33213.308
MinimumVisualStudioVersion = 10.0.40219.1
Project("{9A19103F-16F7-4668-BE54-9A1E7A4F7556}") = "GameOfLife", "GameOfLife\GameOfLife.csproj", "{477D6A73-AD86-4716-B508-C6991E698499}"
EndProject
Project("{9A19103F-16F7-4668-BE54-9A1E7A4F7556}") = "CodeSamples", "CodeSamples\CodeSamples.csproj", "{75E2DD16-48D3-4A0C-AAF0-9E9DBDE45DA3}"
EndProject
Project("{2150E333-8FDC-42A3-9474-1A3956D46DE8}") = "WPF", "WPF", "{B9989964-17D0-454C-8EB9-25BA535F1789}"
EndProject
Project("{9A19103F-16F7-4668-BE54-9A1E7A4F7556}") = "WpfSimple", "Wpf\WpfSimple\WpfSimple.csproj", "{BDD1CDA2-99E2-4AD7-A4DC-E11652021499}"
EndProject
Project("{9A19103F-16F7-4668-BE54-9A1E7A4F7556}") = "GuessMyNumber", "GuessMyNumber\GuessMyNumber.csproj", "{F50466EA-DC3D-4D44-9888-3517FF0E488F}"
EndProject
Project("{FAE04EC0-301F-11D3-BF4B-00C04F79EFBC}") = "ReadersWritersProblem", "ReadersWritersProblem\ReadersWritersProblem.csproj", "{B1558525-ED45-4DE9-9C9B-B595C128C9C2}"
EndProject
Project("{FAE04EC0-301F-11D3-BF4B-00C04F79EFBC}") = "Logging", "Logging\Logging.csproj", "{083B45DE-1088-401B-B4C3-D64E6F35BA31}"
EndProject
Project("{FAE04EC0-301F-11D3-BF4B-00C04F79EFBC}") = "LeatcodeQuestions", "LeatcodeQuestions\LeatcodeQuestions.csproj", "{EAC84614-8D30-4370-AF4B-30158CFF3A8C}"
EndProject
Project("{FAE04EC0-301F-11D3-BF4B-00C04F79EFBC}") = "TestProject", "TestProject\TestProject.csproj", "{C106009A-9B64-4771-B6EF-095103257B2F}"
EndProject
Project("{2150E333-8FDC-42A3-9474-1A3956D46DE8}") = "Solution Items", "Solution Items", "{DB3CAA1D-360B-4020-93F8-076E70186882}"
	ProjectSection(SolutionItems) = preProject
		.editorconfig = .editorconfig
	EndProjectSection
EndProject
Project("{FAE04EC0-301F-11D3-BF4B-00C04F79EFBC}") = "TasksAndAsync", "TasksAndAsync\TasksAndAsync.csproj", "{2DF76016-1290-4687-A7B0-87486ED44D06}"
EndProject
Project("{FAE04EC0-301F-11D3-BF4B-00C04F79EFBC}") = "ThreadsController", "ThreadsController\ThreadsController.csproj", "{A54D4280-8413-424D-B7C9-52DF99C9D295}"
EndProject
Global
	GlobalSection(SolutionConfigurationPlatforms) = preSolution
		Debug|Any CPU = Debug|Any CPU
		Release|Any CPU = Release|Any CPU
	EndGlobalSection
	GlobalSection(ProjectConfigurationPlatforms) = postSolution
		{477D6A73-AD86-4716-B508-C6991E698499}.Debug|Any CPU.ActiveCfg = Debug|Any CPU
		{477D6A73-AD86-4716-B508-C6991E698499}.Debug|Any CPU.Build.0 = Debug|Any CPU
		{477D6A73-AD86-4716-B508-C6991E698499}.Release|Any CPU.ActiveCfg = Release|Any CPU
		{477D6A73-AD86-4716-B508-C6991E698499}.Release|Any CPU.Build.0 = Release|Any CPU
		{75E2DD16-48D3-4A0C-AAF0-9E9DBDE45DA3}.Debug|Any CPU.ActiveCfg = Debug|Any CPU
		{75E2DD16-48D3-4A0C-AAF0-9E9DBDE45DA3}.Debug|Any CPU.Build.0 = Debug|Any CPU
		{75E2DD16-48D3-4A0C-AAF0-9E9DBDE45DA3}.Release|Any CPU.ActiveCfg = Release|Any CPU
		{75E2DD16-48D3-4A0C-AAF0-9E9DBDE45DA3}.Release|Any CPU.Build.0 = Release|Any CPU
		{BDD1CDA2-99E2-4AD7-A4DC-E11652021499}.Debug|Any CPU.ActiveCfg = Debug|Any CPU
		{BDD1CDA2-99E2-4AD7-A4DC-E11652021499}.Debug|Any CPU.Build.0 = Debug|Any CPU
		{BDD1CDA2-99E2-4AD7-A4DC-E11652021499}.Release|Any CPU.ActiveCfg = Release|Any CPU
		{BDD1CDA2-99E2-4AD7-A4DC-E11652021499}.Release|Any CPU.Build.0 = Release|Any CPU
		{F50466EA-DC3D-4D44-9888-3517FF0E488F}.Debug|Any CPU.ActiveCfg = Debug|Any CPU
		{F50466EA-DC3D-4D44-9888-3517FF0E488F}.Debug|Any CPU.Build.0 = Debug|Any CPU
		{F50466EA-DC3D-4D44-9888-3517FF0E488F}.Release|Any CPU.ActiveCfg = Release|Any CPU
		{F50466EA-DC3D-4D44-9888-3517FF0E488F}.Release|Any CPU.Build.0 = Release|Any CPU
		{B1558525-ED45-4DE9-9C9B-B595C128C9C2}.Debug|Any CPU.ActiveCfg = Debug|Any CPU
		{B1558525-ED45-4DE9-9C9B-B595C128C9C2}.Debug|Any CPU.Build.0 = Debug|Any CPU
		{B1558525-ED45-4DE9-9C9B-B595C128C9C2}.Release|Any CPU.ActiveCfg = Release|Any CPU
		{B1558525-ED45-4DE9-9C9B-B595C128C9C2}.Release|Any CPU.Build.0 = Release|Any CPU
		{083B45DE-1088-401B-B4C3-D64E6F35BA31}.Debug|Any CPU.ActiveCfg = Debug|Any CPU
		{083B45DE-1088-401B-B4C3-D64E6F35BA31}.Debug|Any CPU.Build.0 = Debug|Any CPU
		{083B45DE-1088-401B-B4C3-D64E6F35BA31}.Release|Any CPU.ActiveCfg = Release|Any CPU
		{083B45DE-1088-401B-B4C3-D64E6F35BA31}.Release|Any CPU.Build.0 = Release|Any CPU
		{EAC84614-8D30-4370-AF4B-30158CFF3A8C}.Debug|Any CPU.ActiveCfg = Debug|Any CPU
		{EAC84614-8D30-4370-AF4B-30158CFF3A8C}.Debug|Any CPU.Build.0 = Debug|Any CPU
		{EAC84614-8D30-4370-AF4B-30158CFF3A8C}.Release|Any CPU.ActiveCfg = Release|Any CPU
		{EAC84614-8D30-4370-AF4B-30158CFF3A8C}.Release|Any CPU.Build.0 = Release|Any CPU
		{C106009A-9B64-4771-B6EF-095103257B2F}.Debug|Any CPU.ActiveCfg = Debug|Any CPU
		{C106009A-9B64-4771-B6EF-095103257B2F}.Debug|Any CPU.Build.0 = Debug|Any CPU
		{C106009A-9B64-4771-B6EF-095103257B2F}.Release|Any CPU.ActiveCfg = Release|Any CPU
		{C106009A-9B64-4771-B6EF-095103257B2F}.Release|Any CPU.Build.0 = Release|Any CPU
		{2DF76016-1290-4687-A7B0-87486ED44D06}.Debug|Any CPU.ActiveCfg = Debug|Any CPU
		{2DF76016-1290-4687-A7B0-87486ED44D06}.Debug|Any CPU.Build.0 = Debug|Any CPU
		{2DF76016-1290-4687-A7B0-87486ED44D06}.Release|Any CPU.ActiveCfg = Release|Any CPU
		{2DF76016-1290-4687-A7B0-87486ED44D06}.Release|Any CPU.Build.0 = Release|Any CPU
		{A54D4280-8413-424D-B7C9-52DF99C9D295}.Debug|Any CPU.ActiveCfg = Debug|Any CPU
		{A54D4280-8413-424D-B7C9-52DF99C9D295}.Debug|Any CPU.Build.0 = Debug|Any CPU
		{A54D4280-8413-424D-B7C9-52DF99C9D295}.Release|Any CPU.ActiveCfg = Release|Any CPU
		{A54D4280-8413-424D-B7C9-52DF99C9D295}.Release|Any CPU.Build.0 = Release|Any CPU
	EndGlobalSection
	GlobalSection(SolutionProperties) = preSolution
		HideSolutionNode = FALSE
	EndGlobalSection
	GlobalSection(NestedProjects) = preSolution
		{BDD1CDA2-99E2-4AD7-A4DC-E11652021499} = {B9989964-17D0-454C-8EB9-25BA535F1789}
	EndGlobalSection
	GlobalSection(ExtensibilityGlobals) = postSolution
		SolutionGuid = {230E1613-95FC-4789-8ED5-DF67CD979803}
	EndGlobalSection
EndGlobal
