
Microsoft Visual Studio Solution File, Format Version 12.00
# Visual Studio 2013
VisualStudioVersion = 12.0.40629.0
MinimumVisualStudioVersion = 10.0.40219.1
Project("{2150E333-8FDC-42A3-9474-1A3956D46DE8}") = "UI", "UI", "{CE47D675-8D2F-461F-829D-8F6922D7DBE0}"
EndProject
Project("{FAE04EC0-301F-11D3-BF4B-00C04F79EFBC}") = "ThemesExample", "UI\ThemesExample\ThemesExample.csproj", "{360D1C24-8796-464F-95C0-3363B1FD9AB2}"
EndProject
Project("{FAE04EC0-301F-11D3-BF4B-00C04F79EFBC}") = "WPF.Themes.Demo", "UI\WPF.Themes.Demo\WPF.Themes.Demo.csproj", "{9686238D-3AC2-4295-B66D-21FB6F091C9C}"
EndProject
Project("{FAE04EC0-301F-11D3-BF4B-00C04F79EFBC}") = "WpfBinding", "UI\WpfBinding\WpfBinding.csproj", "{F4BC4C54-289F-4FD0-A3F8-5F4B3C68D412}"
EndProject
Project("{FAE04EC0-301F-11D3-BF4B-00C04F79EFBC}") = "DispatcherExample", "UI\DispatcherExample\DispatcherExample.csproj", "{012959C6-286F-47CB-85D2-228676ABE0B3}"
EndProject
Project("{FAE04EC0-301F-11D3-BF4B-00C04F79EFBC}") = "WpfControls", "UI\WpfControls\WpfControls.csproj", "{718EF206-52BC-49B7-BA6D-2812F756B3C4}"
EndProject
Project("{FAE04EC0-301F-11D3-BF4B-00C04F79EFBC}") = "WpfControlsTest", "UI\WpfControlsTest\WpfControlsTest.csproj", "{72B5A681-D56D-484D-A715-017DD851B8E6}"
EndProject
Project("{2150E333-8FDC-42A3-9474-1A3956D46DE8}") = "BL", "BL", "{54B37ED2-FF52-4C5F-B24E-DD4B8A764DB0}"
EndProject
Project("{FAE04EC0-301F-11D3-BF4B-00C04F79EFBC}") = "BlCommon", "BL\BlCommon\BlCommon.csproj", "{10ED96A9-B82F-4950-B31D-B99C415112C8}"
EndProject
Project("{2150E333-8FDC-42A3-9474-1A3956D46DE8}") = "Utils", "Utils", "{5638E605-B360-4852-9FA8-BAFDE742A560}"
EndProject
Project("{FAE04EC0-301F-11D3-BF4B-00C04F79EFBC}") = "RegExTester", "Utils\RegExTester\RegExTester.csproj", "{86741AC0-AC5B-4FD4-ABF1-BF34BA73914B}"
EndProject
Project("{FAE04EC0-301F-11D3-BF4B-00C04F79EFBC}") = "WpfResourcesRefferences", "UI\WpfResourcesRefferences\WpfResourcesRefferences.csproj", "{92622F56-C3E8-4AB9-ABFE-4584AF6EC830}"
EndProject
Project("{FAE04EC0-301F-11D3-BF4B-00C04F79EFBC}") = "AttachedBehaviorsExample", "UI\AttachedBehaviorsExample\AttachedBehaviorsExample\AttachedBehaviorsExample.csproj", "{A9B0D8BC-3179-4365-AA96-233131D8DCA3}"
EndProject
Project("{FAE04EC0-301F-11D3-BF4B-00C04F79EFBC}") = "ConverterExamples", "UI\ConverterExamples\ConverterExamples.csproj", "{FE825D57-B8F2-4BEB-A90D-748CA4F45105}"
EndProject
Project("{FAE04EC0-301F-11D3-BF4B-00C04F79EFBC}") = "DataGrid properties example", "UI\DataGrid propertiesExample\DataGrid properties example.csproj", "{02AC6258-A4BD-4270-B385-6AA22E6538F5}"
EndProject
Project("{FAE04EC0-301F-11D3-BF4B-00C04F79EFBC}") = "DataGridExamples", "UI\DataGridExamples\DataGridExamples.csproj", "{3A476B40-8529-4EAD-AB83-A8B0838859E4}"
EndProject
Project("{FAE04EC0-301F-11D3-BF4B-00C04F79EFBC}") = "DataGridStyles", "UI\DataGridStyles\DataGridStyles.csproj", "{E755D65A-24B1-4FEF-B7D0-5B4046442EC5}"
EndProject
Project("{FAE04EC0-301F-11D3-BF4B-00C04F79EFBC}") = "MarkupExamples", "UI\MarkupExamples\MarkupExamples.csproj", "{1C4B9C03-BDF1-418A-9B73-A60BFEE21CFE}"
EndProject
Project("{FAE04EC0-301F-11D3-BF4B-00C04F79EFBC}") = "ParallelProgrammingTesting", "BL\ParallelProgrammingTesting\ParallelProgrammingTesting.csproj", "{A0DE45DF-D362-4D3B-8886-668F91F39DB3}"
EndProject
Project("{FAE04EC0-301F-11D3-BF4B-00C04F79EFBC}") = "DataGridWithComboBoxExample", "UI\DataGridWithComboBoxExample\DataGridWithComboBoxExample.csproj", "{AA2B41E4-00E2-4E2B-B81B-92CDDA489CA6}"
EndProject
Project("{FAE04EC0-301F-11D3-BF4B-00C04F79EFBC}") = "DataGridCustomComboboxTest", "UI\DataGridCustomComboboxTest\DataGridCustomComboboxTest.csproj", "{72DEA258-586A-478E-964C-673CAAB4BC01}"
EndProject
Project("{FAE04EC0-301F-11D3-BF4B-00C04F79EFBC}") = "WpfInteractions", "UI\WpfInteractions\WpfInteractions.csproj", "{77D1684D-144F-43CA-B764-1686BDECE8E1}"
EndProject
Project("{FAE04EC0-301F-11D3-BF4B-00C04F79EFBC}") = "WpfTreeViewExamples", "UI\WpfTreeViewExamples\WpfTreeViewExamples.csproj", "{48873CC1-9BEC-46FF-BF4F-2B173226F8AC}"
EndProject
Project("{FAE04EC0-301F-11D3-BF4B-00C04F79EFBC}") = "MvvmPatternExample", "UI\MvvmPatternExample\MvvmPatternExample.csproj", "{051F6111-E689-41A7-9B3E-FF61D44136B1}"
EndProject
Project("{FAE04EC0-301F-11D3-BF4B-00C04F79EFBC}") = "WindowEx", "UI\WindowEx\WindowEx.csproj", "{D9ACF5F2-B124-468A-8071-B1EBABCDB1EA}"
EndProject
Project("{FAE04EC0-301F-11D3-BF4B-00C04F79EFBC}") = "PerformenceMonitoring", "BL\PerformenceMonitoring\PerformenceMonitoring.csproj", "{43827F39-E144-4548-BE22-B94DCD7973A2}"
EndProject
Project("{FAE04EC0-301F-11D3-BF4B-00C04F79EFBC}") = "StatesMachines", "BL\StateMachines\StatesMachines.csproj", "{618C5CDC-476D-45D6-9814-AD461F2E0878}"
EndProject
Project("{FAE04EC0-301F-11D3-BF4B-00C04F79EFBC}") = "WpfStyles_Dark", "UI\WpfStyle_Dark\WpfStyles_Dark.csproj", "{16D1849D-1251-4B8C-B45E-20D657A4C16F}"
EndProject
Project("{FAE04EC0-301F-11D3-BF4B-00C04F79EFBC}") = "Wpf_3D", "UI\Wpf_3D\Wpf_3D.csproj", "{97ACDC30-0B6C-4926-9674-7062E04539B9}"
EndProject
Project("{FAE04EC0-301F-11D3-BF4B-00C04F79EFBC}") = "ZeroMQ_Examples", "BL\ZeroMQ_Examples\ZeroMQ_Examples.csproj", "{07B7395B-94B8-4392-B591-1647B0835A0B}"
EndProject
Project("{FAE04EC0-301F-11D3-BF4B-00C04F79EFBC}") = "Wpf_3D_Example", "UI\Wpf_3D_Example\Wpf_3D_Example.csproj", "{A8C172C5-9E0E-4DDD-A295-FB9468C0AA79}"
EndProject
Project("{2150E333-8FDC-42A3-9474-1A3956D46DE8}") = "Network", "Network", "{6E2E5049-771E-44AA-A2DF-0A4751410F1B}"
EndProject
Project("{FAE04EC0-301F-11D3-BF4B-00C04F79EFBC}") = "UdpMulticastTest", "BL\Network\UdpMulticastTest\UdpMulticastTest.csproj", "{E4460F0C-4829-4C66-AD4B-EC6823534F66}"
EndProject
Project("{FAE04EC0-301F-11D3-BF4B-00C04F79EFBC}") = "SpecialListOfItems", "UI\SpecialListOfItems\SpecialListOfItems.csproj", "{874A3A2F-20EC-4CD5-9DC8-2DAB7B497434}"
EndProject
Project("{FAE04EC0-301F-11D3-BF4B-00C04F79EFBC}") = "WpfUiAndThreads", "UI\WpfUiAndThreads\WpfUiAndThreads.csproj", "{41838684-F0F0-4DA2-B582-C0F672DACAD5}"
EndProject
Project("{FAE04EC0-301F-11D3-BF4B-00C04F79EFBC}") = "SerializationTesting", "BL\SerializationTesting\SerializationTesting.csproj", "{199B6DAB-67B6-4B32-97E6-4549D33D4FF8}"
EndProject
Project("{FAE04EC0-301F-11D3-BF4B-00C04F79EFBC}") = "WpfCollectionChanges", "UI\WpfCollectionChanges\WpfCollectionChanges.csproj", "{7E33DD0B-629F-4AF1-8E87-E8582CC26309}"
EndProject
Project("{FAE04EC0-301F-11D3-BF4B-00C04F79EFBC}") = "PropertiesGetSetValues", "BL\PropertiesGetSetValues\PropertiesGetSetValues.csproj", "{E4FA4931-8803-4CA8-AADA-B632CE525210}"
EndProject
Project("{FAE04EC0-301F-11D3-BF4B-00C04F79EFBC}") = "NetworkInformation", "BL\Network\NetworkInformation\NetworkInformation.csproj", "{F8C1BBCE-DB57-4877-A0C1-F55E1C141D72}"
EndProject
Project("{FAE04EC0-301F-11D3-BF4B-00C04F79EFBC}") = "WpfAnimation", "UI\WpfAnimation\WpfAnimation.csproj", "{7A6B02AF-B576-4BFD-B398-508553BDBD26}"
EndProject
Project("{FAE04EC0-301F-11D3-BF4B-00C04F79EFBC}") = "UnSafe", "BL\UnSafe\UnSafe.csproj", "{75CB307F-CF10-4BD6-8A57-150D3B25640D}"
EndProject
Project("{FAE04EC0-301F-11D3-BF4B-00C04F79EFBC}") = "UI_Examples", "UI\UI_Examples\UI_Examples.csproj", "{1F9E45E3-6DEB-4EEB-8824-4BEAFE815487}"
EndProject
Project("{FAE04EC0-301F-11D3-BF4B-00C04F79EFBC}") = "WpfBehaviers", "UI\WpfBehaviers\WpfBehaviers.csproj", "{E3A05366-20F7-4A13-8418-CEB901059A83}"
EndProject
Project("{2150E333-8FDC-42A3-9474-1A3956D46DE8}") = "WCF", "WCF", "{680AC2CC-416E-4C43-9B9C-2C388FE19EC9}"
	ProjectSection(SolutionItems) = preProject
		proxies generation.txt = proxies generation.txt
		Run Results.txt = Run Results.txt
	EndProjectSection
EndProject
Project("{FAE04EC0-301F-11D3-BF4B-00C04F79EFBC}") = "MyMathServiceLib", "BL\Network\WCF\MyMathServiceLib\MyMathServiceLib.csproj", "{A8632B69-6FB1-4D15-9850-560B69B770E0}"
EndProject
Project("{FAE04EC0-301F-11D3-BF4B-00C04F79EFBC}") = "MyMathServiceHost", "BL\Network\WCF\MyMathServiceHost\MyMathServiceHost.csproj", "{48633B13-12EB-4616-A1DA-F088F27B5C05}"
EndProject
Project("{FAE04EC0-301F-11D3-BF4B-00C04F79EFBC}") = "MyMathServiceClient", "BL\Network\WCF\MyMathServiceClient,\MyMathServiceClient.csproj", "{2CE3F5A6-D6A4-440D-8DC4-B3D332E14D71}"
EndProject
Project("{FAE04EC0-301F-11D3-BF4B-00C04F79EFBC}") = "TimedQueue", "BL\TimedQueue\TimedQueue.csproj", "{6C4BA419-9698-4B17-85FD-20280A0B52FA}"
EndProject
Project("{FAE04EC0-301F-11D3-BF4B-00C04F79EFBC}") = "WpfTreeViewExample2", "UI\WpfTreeViewExample2\WpfTreeViewExample2.csproj", "{F690FF8B-77CF-416D-A4F4-92525D850E7D}"
EndProject
Project("{FAE04EC0-301F-11D3-BF4B-00C04F79EFBC}") = "WorkingWithAppDomains", "WorkingWithAppDomains\WorkingWithAppDomains.csproj", "{B9C6EF09-D1DF-406E-80B4-5D586B31B1AC}"
EndProject
Project("{FAE04EC0-301F-11D3-BF4B-00C04F79EFBC}") = "SimpleConcurrentLogger", "BL\SimpleConcurrentLogger\SimpleConcurrentLogger.csproj", "{08C4003F-D2A4-4211-BDE0-F57FEAA75DD9}"
EndProject
Project("{2150E333-8FDC-42A3-9474-1A3956D46DE8}") = "TCP", "TCP", "{591A33D8-E1B8-480D-ADF2-121BC08B4839}"
EndProject
Project("{FAE04EC0-301F-11D3-BF4B-00C04F79EFBC}") = "SimpleTcpCommunication", "BL\Network\TCP\SimpleTcpCommunication\SimpleTcpCommunication.csproj", "{01DF9954-C595-45B4-8B04-FEEC62C54B9F}"
EndProject
Project("{FAE04EC0-301F-11D3-BF4B-00C04F79EFBC}") = "Tester", "BL\Network\TCP\Tester\Tester.csproj", "{0F661570-3BFC-4F20-8F93-81938A47A82E}"
EndProject
Project("{FAE04EC0-301F-11D3-BF4B-00C04F79EFBC}") = "KeyboardMouseSimulator", "UI\KeyboardMouseSimulator\KeyboardMouseSimulator.csproj", "{3B9038AD-35AE-403F-979D-7F5E65C0D83F}"
EndProject
Project("{FAE04EC0-301F-11D3-BF4B-00C04F79EFBC}") = "ProcessesUpDown", "BL\ProcessesUpDown\ProcessesUpDown.csproj", "{38B1E24B-C53E-464C-AEA2-1BB927E612FD}"
EndProject
Project("{FAE04EC0-301F-11D3-BF4B-00C04F79EFBC}") = "WorkingWithHttp", "BL\Network\WorkingWithHttp\WorkingWithHttp.csproj", "{97B4E2D6-B998-40C4-B8EF-00D9E49C0F30}"
EndProject
Project("{2150E333-8FDC-42A3-9474-1A3956D46DE8}") = "Owin", "Owin", "{7DC8A4AD-1698-4B83-9F55-7A366771B7B0}"
EndProject
Project("{FAE04EC0-301F-11D3-BF4B-00C04F79EFBC}") = "OwinHost", "BL\Network\Owin\OwinHost\OwinHost.csproj", "{2530E1E1-F6AB-406B-BFDC-47827F6FE3C1}"
EndProject
Project("{FAE04EC0-301F-11D3-BF4B-00C04F79EFBC}") = "OwinClient", "BL\Network\Owin\OwinClient\OwinClient.csproj", "{94290304-F324-4A77-AE8E-8CF89C4A371E}"
EndProject
Project("{FAE04EC0-301F-11D3-BF4B-00C04F79EFBC}") = "OwinDataTransferHost", "BL\Network\Owin\OwinDataTransferHost\OwinDataTransferHost.csproj", "{4773B09F-5A52-4DC4-ABC2-2703E002F4CA}"
EndProject
Project("{FAE04EC0-301F-11D3-BF4B-00C04F79EFBC}") = "OwinDataTransferClient", "BL\Network\Owin\OwinDataTransferClient\OwinDataTransferClient.csproj", "{ECA3E672-CFC4-42C8-A6EC-833318729BA9}"
EndProject
Project("{FAE04EC0-301F-11D3-BF4B-00C04F79EFBC}") = "WorkingWithReactiveExtenssionsRx", "BL\WorkingWithReactiveExtenssionsRx\WorkingWithReactiveExtenssionsRx.csproj", "{7FD72E80-D8E8-4969-9450-B0C1BCD97F14}"
EndProject
Project("{FAE04EC0-301F-11D3-BF4B-00C04F79EFBC}") = "WorkingWithActiveDirectory", "BL\WorkingWithActiveDirectory\WorkingWithActiveDirectory.csproj", "{1224E626-3643-4E26-B6FC-756EF147BF25}"
EndProject
Project("{2150E333-8FDC-42A3-9474-1A3956D46DE8}") = "TcpChannels", "TcpChannels", "{9D09AA16-000B-47BC-8E57-F82C4E51809D}"
EndProject
Project("{FAE04EC0-301F-11D3-BF4B-00C04F79EFBC}") = "TcpChannel", "BL\Network\TCP\TcpChannels\TcpChannel\TcpChannel.csproj", "{905F9FF1-FC9D-4C23-9034-092C3DAB9A03}"
EndProject
Project("{FAE04EC0-301F-11D3-BF4B-00C04F79EFBC}") = "TcpChannelsClientTester", "BL\Network\TCP\TcpChannels\TcpChannelsClientTester\TcpChannelsClientTester.csproj", "{DE5E2051-B05C-4129-B9C5-110E24A2DD6D}"
EndProject
Project("{FAE04EC0-301F-11D3-BF4B-00C04F79EFBC}") = "TcpChannelsHostTester", "BL\Network\TCP\TcpChannels\TcpChannelsHostTester\TcpChannelsHostTester.csproj", "{E511B53C-FB53-46A5-AA50-F0B688C72361}"
EndProject
Global
	GlobalSection(SolutionConfigurationPlatforms) = preSolution
		Debug|Any CPU = Debug|Any CPU
		Debug|Mixed Platforms = Debug|Mixed Platforms
		Debug|x86 = Debug|x86
		Release|Any CPU = Release|Any CPU
		Release|Mixed Platforms = Release|Mixed Platforms
		Release|x86 = Release|x86
	EndGlobalSection
	GlobalSection(ProjectConfigurationPlatforms) = postSolution
		{360D1C24-8796-464F-95C0-3363B1FD9AB2}.Debug|Any CPU.ActiveCfg = Debug|Any CPU
		{360D1C24-8796-464F-95C0-3363B1FD9AB2}.Debug|Any CPU.Build.0 = Debug|Any CPU
		{360D1C24-8796-464F-95C0-3363B1FD9AB2}.Debug|Mixed Platforms.ActiveCfg = Debug|Any CPU
		{360D1C24-8796-464F-95C0-3363B1FD9AB2}.Debug|Mixed Platforms.Build.0 = Debug|Any CPU
		{360D1C24-8796-464F-95C0-3363B1FD9AB2}.Debug|x86.ActiveCfg = Debug|Any CPU
		{360D1C24-8796-464F-95C0-3363B1FD9AB2}.Release|Any CPU.ActiveCfg = Release|Any CPU
		{360D1C24-8796-464F-95C0-3363B1FD9AB2}.Release|Any CPU.Build.0 = Release|Any CPU
		{360D1C24-8796-464F-95C0-3363B1FD9AB2}.Release|Mixed Platforms.ActiveCfg = Release|Any CPU
		{360D1C24-8796-464F-95C0-3363B1FD9AB2}.Release|Mixed Platforms.Build.0 = Release|Any CPU
		{360D1C24-8796-464F-95C0-3363B1FD9AB2}.Release|x86.ActiveCfg = Release|Any CPU
		{9686238D-3AC2-4295-B66D-21FB6F091C9C}.Debug|Any CPU.ActiveCfg = Debug|Any CPU
		{9686238D-3AC2-4295-B66D-21FB6F091C9C}.Debug|Any CPU.Build.0 = Debug|Any CPU
		{9686238D-3AC2-4295-B66D-21FB6F091C9C}.Debug|Mixed Platforms.ActiveCfg = Debug|Any CPU
		{9686238D-3AC2-4295-B66D-21FB6F091C9C}.Debug|Mixed Platforms.Build.0 = Debug|Any CPU
		{9686238D-3AC2-4295-B66D-21FB6F091C9C}.Debug|x86.ActiveCfg = Debug|Any CPU
		{9686238D-3AC2-4295-B66D-21FB6F091C9C}.Release|Any CPU.ActiveCfg = Release|Any CPU
		{9686238D-3AC2-4295-B66D-21FB6F091C9C}.Release|Any CPU.Build.0 = Release|Any CPU
		{9686238D-3AC2-4295-B66D-21FB6F091C9C}.Release|Mixed Platforms.ActiveCfg = Release|Any CPU
		{9686238D-3AC2-4295-B66D-21FB6F091C9C}.Release|Mixed Platforms.Build.0 = Release|Any CPU
		{9686238D-3AC2-4295-B66D-21FB6F091C9C}.Release|x86.ActiveCfg = Release|Any CPU
		{F4BC4C54-289F-4FD0-A3F8-5F4B3C68D412}.Debug|Any CPU.ActiveCfg = Debug|Any CPU
		{F4BC4C54-289F-4FD0-A3F8-5F4B3C68D412}.Debug|Any CPU.Build.0 = Debug|Any CPU
		{F4BC4C54-289F-4FD0-A3F8-5F4B3C68D412}.Debug|Mixed Platforms.ActiveCfg = Debug|Any CPU
		{F4BC4C54-289F-4FD0-A3F8-5F4B3C68D412}.Debug|Mixed Platforms.Build.0 = Debug|Any CPU
		{F4BC4C54-289F-4FD0-A3F8-5F4B3C68D412}.Debug|x86.ActiveCfg = Debug|Any CPU
		{F4BC4C54-289F-4FD0-A3F8-5F4B3C68D412}.Release|Any CPU.ActiveCfg = Release|Any CPU
		{F4BC4C54-289F-4FD0-A3F8-5F4B3C68D412}.Release|Any CPU.Build.0 = Release|Any CPU
		{F4BC4C54-289F-4FD0-A3F8-5F4B3C68D412}.Release|Mixed Platforms.ActiveCfg = Release|Any CPU
		{F4BC4C54-289F-4FD0-A3F8-5F4B3C68D412}.Release|Mixed Platforms.Build.0 = Release|Any CPU
		{F4BC4C54-289F-4FD0-A3F8-5F4B3C68D412}.Release|x86.ActiveCfg = Release|Any CPU
		{012959C6-286F-47CB-85D2-228676ABE0B3}.Debug|Any CPU.ActiveCfg = Debug|Any CPU
		{012959C6-286F-47CB-85D2-228676ABE0B3}.Debug|Any CPU.Build.0 = Debug|Any CPU
		{012959C6-286F-47CB-85D2-228676ABE0B3}.Debug|Mixed Platforms.ActiveCfg = Debug|Any CPU
		{012959C6-286F-47CB-85D2-228676ABE0B3}.Debug|Mixed Platforms.Build.0 = Debug|Any CPU
		{012959C6-286F-47CB-85D2-228676ABE0B3}.Debug|x86.ActiveCfg = Debug|Any CPU
		{012959C6-286F-47CB-85D2-228676ABE0B3}.Release|Any CPU.ActiveCfg = Release|Any CPU
		{012959C6-286F-47CB-85D2-228676ABE0B3}.Release|Any CPU.Build.0 = Release|Any CPU
		{012959C6-286F-47CB-85D2-228676ABE0B3}.Release|Mixed Platforms.ActiveCfg = Release|Any CPU
		{012959C6-286F-47CB-85D2-228676ABE0B3}.Release|Mixed Platforms.Build.0 = Release|Any CPU
		{012959C6-286F-47CB-85D2-228676ABE0B3}.Release|x86.ActiveCfg = Release|Any CPU
		{718EF206-52BC-49B7-BA6D-2812F756B3C4}.Debug|Any CPU.ActiveCfg = Debug|Any CPU
		{718EF206-52BC-49B7-BA6D-2812F756B3C4}.Debug|Any CPU.Build.0 = Debug|Any CPU
		{718EF206-52BC-49B7-BA6D-2812F756B3C4}.Debug|Mixed Platforms.ActiveCfg = Debug|Any CPU
		{718EF206-52BC-49B7-BA6D-2812F756B3C4}.Debug|Mixed Platforms.Build.0 = Debug|Any CPU
		{718EF206-52BC-49B7-BA6D-2812F756B3C4}.Debug|x86.ActiveCfg = Debug|Any CPU
		{718EF206-52BC-49B7-BA6D-2812F756B3C4}.Release|Any CPU.ActiveCfg = Release|Any CPU
		{718EF206-52BC-49B7-BA6D-2812F756B3C4}.Release|Any CPU.Build.0 = Release|Any CPU
		{718EF206-52BC-49B7-BA6D-2812F756B3C4}.Release|Mixed Platforms.ActiveCfg = Release|Any CPU
		{718EF206-52BC-49B7-BA6D-2812F756B3C4}.Release|Mixed Platforms.Build.0 = Release|Any CPU
		{718EF206-52BC-49B7-BA6D-2812F756B3C4}.Release|x86.ActiveCfg = Release|Any CPU
		{72B5A681-D56D-484D-A715-017DD851B8E6}.Debug|Any CPU.ActiveCfg = Debug|Any CPU
		{72B5A681-D56D-484D-A715-017DD851B8E6}.Debug|Any CPU.Build.0 = Debug|Any CPU
		{72B5A681-D56D-484D-A715-017DD851B8E6}.Debug|Mixed Platforms.ActiveCfg = Debug|Any CPU
		{72B5A681-D56D-484D-A715-017DD851B8E6}.Debug|Mixed Platforms.Build.0 = Debug|Any CPU
		{72B5A681-D56D-484D-A715-017DD851B8E6}.Debug|x86.ActiveCfg = Debug|Any CPU
		{72B5A681-D56D-484D-A715-017DD851B8E6}.Release|Any CPU.ActiveCfg = Release|Any CPU
		{72B5A681-D56D-484D-A715-017DD851B8E6}.Release|Any CPU.Build.0 = Release|Any CPU
		{72B5A681-D56D-484D-A715-017DD851B8E6}.Release|Mixed Platforms.ActiveCfg = Release|Any CPU
		{72B5A681-D56D-484D-A715-017DD851B8E6}.Release|Mixed Platforms.Build.0 = Release|Any CPU
		{72B5A681-D56D-484D-A715-017DD851B8E6}.Release|x86.ActiveCfg = Release|Any CPU
		{10ED96A9-B82F-4950-B31D-B99C415112C8}.Debug|Any CPU.ActiveCfg = Debug|Any CPU
		{10ED96A9-B82F-4950-B31D-B99C415112C8}.Debug|Any CPU.Build.0 = Debug|Any CPU
		{10ED96A9-B82F-4950-B31D-B99C415112C8}.Debug|Mixed Platforms.ActiveCfg = Debug|Any CPU
		{10ED96A9-B82F-4950-B31D-B99C415112C8}.Debug|Mixed Platforms.Build.0 = Debug|Any CPU
		{10ED96A9-B82F-4950-B31D-B99C415112C8}.Debug|x86.ActiveCfg = Debug|Any CPU
		{10ED96A9-B82F-4950-B31D-B99C415112C8}.Release|Any CPU.ActiveCfg = Release|Any CPU
		{10ED96A9-B82F-4950-B31D-B99C415112C8}.Release|Any CPU.Build.0 = Release|Any CPU
		{10ED96A9-B82F-4950-B31D-B99C415112C8}.Release|Mixed Platforms.ActiveCfg = Release|Any CPU
		{10ED96A9-B82F-4950-B31D-B99C415112C8}.Release|Mixed Platforms.Build.0 = Release|Any CPU
		{10ED96A9-B82F-4950-B31D-B99C415112C8}.Release|x86.ActiveCfg = Release|Any CPU
		{86741AC0-AC5B-4FD4-ABF1-BF34BA73914B}.Debug|Any CPU.ActiveCfg = Debug|Any CPU
		{86741AC0-AC5B-4FD4-ABF1-BF34BA73914B}.Debug|Any CPU.Build.0 = Debug|Any CPU
		{86741AC0-AC5B-4FD4-ABF1-BF34BA73914B}.Debug|Mixed Platforms.ActiveCfg = Debug|Any CPU
		{86741AC0-AC5B-4FD4-ABF1-BF34BA73914B}.Debug|Mixed Platforms.Build.0 = Debug|Any CPU
		{86741AC0-AC5B-4FD4-ABF1-BF34BA73914B}.Debug|x86.ActiveCfg = Debug|Any CPU
		{86741AC0-AC5B-4FD4-ABF1-BF34BA73914B}.Release|Any CPU.ActiveCfg = Release|Any CPU
		{86741AC0-AC5B-4FD4-ABF1-BF34BA73914B}.Release|Any CPU.Build.0 = Release|Any CPU
		{86741AC0-AC5B-4FD4-ABF1-BF34BA73914B}.Release|Mixed Platforms.ActiveCfg = Release|Any CPU
		{86741AC0-AC5B-4FD4-ABF1-BF34BA73914B}.Release|Mixed Platforms.Build.0 = Release|Any CPU
		{86741AC0-AC5B-4FD4-ABF1-BF34BA73914B}.Release|x86.ActiveCfg = Release|Any CPU
		{92622F56-C3E8-4AB9-ABFE-4584AF6EC830}.Debug|Any CPU.ActiveCfg = Debug|Any CPU
		{92622F56-C3E8-4AB9-ABFE-4584AF6EC830}.Debug|Any CPU.Build.0 = Debug|Any CPU
		{92622F56-C3E8-4AB9-ABFE-4584AF6EC830}.Debug|Mixed Platforms.ActiveCfg = Debug|Any CPU
		{92622F56-C3E8-4AB9-ABFE-4584AF6EC830}.Debug|Mixed Platforms.Build.0 = Debug|Any CPU
		{92622F56-C3E8-4AB9-ABFE-4584AF6EC830}.Debug|x86.ActiveCfg = Debug|Any CPU
		{92622F56-C3E8-4AB9-ABFE-4584AF6EC830}.Release|Any CPU.ActiveCfg = Release|Any CPU
		{92622F56-C3E8-4AB9-ABFE-4584AF6EC830}.Release|Any CPU.Build.0 = Release|Any CPU
		{92622F56-C3E8-4AB9-ABFE-4584AF6EC830}.Release|Mixed Platforms.ActiveCfg = Release|Any CPU
		{92622F56-C3E8-4AB9-ABFE-4584AF6EC830}.Release|Mixed Platforms.Build.0 = Release|Any CPU
		{92622F56-C3E8-4AB9-ABFE-4584AF6EC830}.Release|x86.ActiveCfg = Release|Any CPU
		{A9B0D8BC-3179-4365-AA96-233131D8DCA3}.Debug|Any CPU.ActiveCfg = Debug|x86
		{A9B0D8BC-3179-4365-AA96-233131D8DCA3}.Debug|Mixed Platforms.ActiveCfg = Debug|x86
		{A9B0D8BC-3179-4365-AA96-233131D8DCA3}.Debug|Mixed Platforms.Build.0 = Debug|x86
		{A9B0D8BC-3179-4365-AA96-233131D8DCA3}.Debug|x86.ActiveCfg = Debug|x86
		{A9B0D8BC-3179-4365-AA96-233131D8DCA3}.Debug|x86.Build.0 = Debug|x86
		{A9B0D8BC-3179-4365-AA96-233131D8DCA3}.Release|Any CPU.ActiveCfg = Release|x86
		{A9B0D8BC-3179-4365-AA96-233131D8DCA3}.Release|Mixed Platforms.ActiveCfg = Release|x86
		{A9B0D8BC-3179-4365-AA96-233131D8DCA3}.Release|Mixed Platforms.Build.0 = Release|x86
		{A9B0D8BC-3179-4365-AA96-233131D8DCA3}.Release|x86.ActiveCfg = Release|x86
		{A9B0D8BC-3179-4365-AA96-233131D8DCA3}.Release|x86.Build.0 = Release|x86
		{FE825D57-B8F2-4BEB-A90D-748CA4F45105}.Debug|Any CPU.ActiveCfg = Debug|x86
		{FE825D57-B8F2-4BEB-A90D-748CA4F45105}.Debug|Mixed Platforms.ActiveCfg = Debug|x86
		{FE825D57-B8F2-4BEB-A90D-748CA4F45105}.Debug|Mixed Platforms.Build.0 = Debug|x86
		{FE825D57-B8F2-4BEB-A90D-748CA4F45105}.Debug|x86.ActiveCfg = Debug|x86
		{FE825D57-B8F2-4BEB-A90D-748CA4F45105}.Debug|x86.Build.0 = Debug|x86
		{FE825D57-B8F2-4BEB-A90D-748CA4F45105}.Release|Any CPU.ActiveCfg = Release|x86
		{FE825D57-B8F2-4BEB-A90D-748CA4F45105}.Release|Mixed Platforms.ActiveCfg = Release|x86
		{FE825D57-B8F2-4BEB-A90D-748CA4F45105}.Release|Mixed Platforms.Build.0 = Release|x86
		{FE825D57-B8F2-4BEB-A90D-748CA4F45105}.Release|x86.ActiveCfg = Release|x86
		{FE825D57-B8F2-4BEB-A90D-748CA4F45105}.Release|x86.Build.0 = Release|x86
		{02AC6258-A4BD-4270-B385-6AA22E6538F5}.Debug|Any CPU.ActiveCfg = Debug|x86
		{02AC6258-A4BD-4270-B385-6AA22E6538F5}.Debug|Mixed Platforms.ActiveCfg = Debug|x86
		{02AC6258-A4BD-4270-B385-6AA22E6538F5}.Debug|Mixed Platforms.Build.0 = Debug|x86
		{02AC6258-A4BD-4270-B385-6AA22E6538F5}.Debug|x86.ActiveCfg = Debug|x86
		{02AC6258-A4BD-4270-B385-6AA22E6538F5}.Debug|x86.Build.0 = Debug|x86
		{02AC6258-A4BD-4270-B385-6AA22E6538F5}.Release|Any CPU.ActiveCfg = Release|x86
		{02AC6258-A4BD-4270-B385-6AA22E6538F5}.Release|Mixed Platforms.ActiveCfg = Release|x86
		{02AC6258-A4BD-4270-B385-6AA22E6538F5}.Release|Mixed Platforms.Build.0 = Release|x86
		{02AC6258-A4BD-4270-B385-6AA22E6538F5}.Release|x86.ActiveCfg = Release|x86
		{02AC6258-A4BD-4270-B385-6AA22E6538F5}.Release|x86.Build.0 = Release|x86
		{3A476B40-8529-4EAD-AB83-A8B0838859E4}.Debug|Any CPU.ActiveCfg = Debug|x86
		{3A476B40-8529-4EAD-AB83-A8B0838859E4}.Debug|Mixed Platforms.ActiveCfg = Debug|x86
		{3A476B40-8529-4EAD-AB83-A8B0838859E4}.Debug|Mixed Platforms.Build.0 = Debug|x86
		{3A476B40-8529-4EAD-AB83-A8B0838859E4}.Debug|x86.ActiveCfg = Debug|x86
		{3A476B40-8529-4EAD-AB83-A8B0838859E4}.Debug|x86.Build.0 = Debug|x86
		{3A476B40-8529-4EAD-AB83-A8B0838859E4}.Release|Any CPU.ActiveCfg = Release|x86
		{3A476B40-8529-4EAD-AB83-A8B0838859E4}.Release|Mixed Platforms.ActiveCfg = Release|x86
		{3A476B40-8529-4EAD-AB83-A8B0838859E4}.Release|Mixed Platforms.Build.0 = Release|x86
		{3A476B40-8529-4EAD-AB83-A8B0838859E4}.Release|x86.ActiveCfg = Release|x86
		{3A476B40-8529-4EAD-AB83-A8B0838859E4}.Release|x86.Build.0 = Release|x86
		{E755D65A-24B1-4FEF-B7D0-5B4046442EC5}.Debug|Any CPU.ActiveCfg = Debug|x86
		{E755D65A-24B1-4FEF-B7D0-5B4046442EC5}.Debug|Mixed Platforms.ActiveCfg = Debug|x86
		{E755D65A-24B1-4FEF-B7D0-5B4046442EC5}.Debug|Mixed Platforms.Build.0 = Debug|x86
		{E755D65A-24B1-4FEF-B7D0-5B4046442EC5}.Debug|x86.ActiveCfg = Debug|x86
		{E755D65A-24B1-4FEF-B7D0-5B4046442EC5}.Debug|x86.Build.0 = Debug|x86
		{E755D65A-24B1-4FEF-B7D0-5B4046442EC5}.Release|Any CPU.ActiveCfg = Release|x86
		{E755D65A-24B1-4FEF-B7D0-5B4046442EC5}.Release|Mixed Platforms.ActiveCfg = Release|x86
		{E755D65A-24B1-4FEF-B7D0-5B4046442EC5}.Release|Mixed Platforms.Build.0 = Release|x86
		{E755D65A-24B1-4FEF-B7D0-5B4046442EC5}.Release|x86.ActiveCfg = Release|x86
		{E755D65A-24B1-4FEF-B7D0-5B4046442EC5}.Release|x86.Build.0 = Release|x86
		{1C4B9C03-BDF1-418A-9B73-A60BFEE21CFE}.Debug|Any CPU.ActiveCfg = Debug|Any CPU
		{1C4B9C03-BDF1-418A-9B73-A60BFEE21CFE}.Debug|Any CPU.Build.0 = Debug|Any CPU
		{1C4B9C03-BDF1-418A-9B73-A60BFEE21CFE}.Debug|Mixed Platforms.ActiveCfg = Debug|Any CPU
		{1C4B9C03-BDF1-418A-9B73-A60BFEE21CFE}.Debug|Mixed Platforms.Build.0 = Debug|Any CPU
		{1C4B9C03-BDF1-418A-9B73-A60BFEE21CFE}.Debug|x86.ActiveCfg = Debug|Any CPU
		{1C4B9C03-BDF1-418A-9B73-A60BFEE21CFE}.Release|Any CPU.ActiveCfg = Release|Any CPU
		{1C4B9C03-BDF1-418A-9B73-A60BFEE21CFE}.Release|Any CPU.Build.0 = Release|Any CPU
		{1C4B9C03-BDF1-418A-9B73-A60BFEE21CFE}.Release|Mixed Platforms.ActiveCfg = Release|Any CPU
		{1C4B9C03-BDF1-418A-9B73-A60BFEE21CFE}.Release|Mixed Platforms.Build.0 = Release|Any CPU
		{1C4B9C03-BDF1-418A-9B73-A60BFEE21CFE}.Release|x86.ActiveCfg = Release|Any CPU
		{A0DE45DF-D362-4D3B-8886-668F91F39DB3}.Debug|Any CPU.ActiveCfg = Debug|Any CPU
		{A0DE45DF-D362-4D3B-8886-668F91F39DB3}.Debug|Any CPU.Build.0 = Debug|Any CPU
		{A0DE45DF-D362-4D3B-8886-668F91F39DB3}.Debug|Mixed Platforms.ActiveCfg = Debug|Any CPU
		{A0DE45DF-D362-4D3B-8886-668F91F39DB3}.Debug|Mixed Platforms.Build.0 = Debug|Any CPU
		{A0DE45DF-D362-4D3B-8886-668F91F39DB3}.Debug|x86.ActiveCfg = Debug|Any CPU
		{A0DE45DF-D362-4D3B-8886-668F91F39DB3}.Release|Any CPU.ActiveCfg = Release|Any CPU
		{A0DE45DF-D362-4D3B-8886-668F91F39DB3}.Release|Any CPU.Build.0 = Release|Any CPU
		{A0DE45DF-D362-4D3B-8886-668F91F39DB3}.Release|Mixed Platforms.ActiveCfg = Release|Any CPU
		{A0DE45DF-D362-4D3B-8886-668F91F39DB3}.Release|Mixed Platforms.Build.0 = Release|Any CPU
		{A0DE45DF-D362-4D3B-8886-668F91F39DB3}.Release|x86.ActiveCfg = Release|Any CPU
		{AA2B41E4-00E2-4E2B-B81B-92CDDA489CA6}.Debug|Any CPU.ActiveCfg = Debug|Any CPU
		{AA2B41E4-00E2-4E2B-B81B-92CDDA489CA6}.Debug|Any CPU.Build.0 = Debug|Any CPU
		{AA2B41E4-00E2-4E2B-B81B-92CDDA489CA6}.Debug|Mixed Platforms.ActiveCfg = Debug|Any CPU
		{AA2B41E4-00E2-4E2B-B81B-92CDDA489CA6}.Debug|Mixed Platforms.Build.0 = Debug|Any CPU
		{AA2B41E4-00E2-4E2B-B81B-92CDDA489CA6}.Debug|x86.ActiveCfg = Debug|Any CPU
		{AA2B41E4-00E2-4E2B-B81B-92CDDA489CA6}.Release|Any CPU.ActiveCfg = Release|Any CPU
		{AA2B41E4-00E2-4E2B-B81B-92CDDA489CA6}.Release|Any CPU.Build.0 = Release|Any CPU
		{AA2B41E4-00E2-4E2B-B81B-92CDDA489CA6}.Release|Mixed Platforms.ActiveCfg = Release|Any CPU
		{AA2B41E4-00E2-4E2B-B81B-92CDDA489CA6}.Release|Mixed Platforms.Build.0 = Release|Any CPU
		{AA2B41E4-00E2-4E2B-B81B-92CDDA489CA6}.Release|x86.ActiveCfg = Release|Any CPU
		{72DEA258-586A-478E-964C-673CAAB4BC01}.Debug|Any CPU.ActiveCfg = Debug|Any CPU
		{72DEA258-586A-478E-964C-673CAAB4BC01}.Debug|Any CPU.Build.0 = Debug|Any CPU
		{72DEA258-586A-478E-964C-673CAAB4BC01}.Debug|Mixed Platforms.ActiveCfg = Debug|Any CPU
		{72DEA258-586A-478E-964C-673CAAB4BC01}.Debug|Mixed Platforms.Build.0 = Debug|Any CPU
		{72DEA258-586A-478E-964C-673CAAB4BC01}.Debug|x86.ActiveCfg = Debug|Any CPU
		{72DEA258-586A-478E-964C-673CAAB4BC01}.Release|Any CPU.ActiveCfg = Release|Any CPU
		{72DEA258-586A-478E-964C-673CAAB4BC01}.Release|Any CPU.Build.0 = Release|Any CPU
		{72DEA258-586A-478E-964C-673CAAB4BC01}.Release|Mixed Platforms.ActiveCfg = Release|Any CPU
		{72DEA258-586A-478E-964C-673CAAB4BC01}.Release|Mixed Platforms.Build.0 = Release|Any CPU
		{72DEA258-586A-478E-964C-673CAAB4BC01}.Release|x86.ActiveCfg = Release|Any CPU
		{77D1684D-144F-43CA-B764-1686BDECE8E1}.Debug|Any CPU.ActiveCfg = Debug|Any CPU
		{77D1684D-144F-43CA-B764-1686BDECE8E1}.Debug|Any CPU.Build.0 = Debug|Any CPU
		{77D1684D-144F-43CA-B764-1686BDECE8E1}.Debug|Mixed Platforms.ActiveCfg = Debug|Any CPU
		{77D1684D-144F-43CA-B764-1686BDECE8E1}.Debug|Mixed Platforms.Build.0 = Debug|Any CPU
		{77D1684D-144F-43CA-B764-1686BDECE8E1}.Debug|x86.ActiveCfg = Debug|Any CPU
		{77D1684D-144F-43CA-B764-1686BDECE8E1}.Release|Any CPU.ActiveCfg = Release|Any CPU
		{77D1684D-144F-43CA-B764-1686BDECE8E1}.Release|Any CPU.Build.0 = Release|Any CPU
		{77D1684D-144F-43CA-B764-1686BDECE8E1}.Release|Mixed Platforms.ActiveCfg = Release|Any CPU
		{77D1684D-144F-43CA-B764-1686BDECE8E1}.Release|Mixed Platforms.Build.0 = Release|Any CPU
		{77D1684D-144F-43CA-B764-1686BDECE8E1}.Release|x86.ActiveCfg = Release|Any CPU
		{48873CC1-9BEC-46FF-BF4F-2B173226F8AC}.Debug|Any CPU.ActiveCfg = Debug|x86
		{48873CC1-9BEC-46FF-BF4F-2B173226F8AC}.Debug|Mixed Platforms.ActiveCfg = Debug|x86
		{48873CC1-9BEC-46FF-BF4F-2B173226F8AC}.Debug|Mixed Platforms.Build.0 = Debug|x86
		{48873CC1-9BEC-46FF-BF4F-2B173226F8AC}.Debug|x86.ActiveCfg = Debug|x86
		{48873CC1-9BEC-46FF-BF4F-2B173226F8AC}.Debug|x86.Build.0 = Debug|x86
		{48873CC1-9BEC-46FF-BF4F-2B173226F8AC}.Release|Any CPU.ActiveCfg = Release|x86
		{48873CC1-9BEC-46FF-BF4F-2B173226F8AC}.Release|Mixed Platforms.ActiveCfg = Release|x86
		{48873CC1-9BEC-46FF-BF4F-2B173226F8AC}.Release|Mixed Platforms.Build.0 = Release|x86
		{48873CC1-9BEC-46FF-BF4F-2B173226F8AC}.Release|x86.ActiveCfg = Release|x86
		{48873CC1-9BEC-46FF-BF4F-2B173226F8AC}.Release|x86.Build.0 = Release|x86
		{051F6111-E689-41A7-9B3E-FF61D44136B1}.Debug|Any CPU.ActiveCfg = Debug|x86
		{051F6111-E689-41A7-9B3E-FF61D44136B1}.Debug|Mixed Platforms.ActiveCfg = Debug|x86
		{051F6111-E689-41A7-9B3E-FF61D44136B1}.Debug|Mixed Platforms.Build.0 = Debug|x86
		{051F6111-E689-41A7-9B3E-FF61D44136B1}.Debug|x86.ActiveCfg = Debug|x86
		{051F6111-E689-41A7-9B3E-FF61D44136B1}.Debug|x86.Build.0 = Debug|x86
		{051F6111-E689-41A7-9B3E-FF61D44136B1}.Release|Any CPU.ActiveCfg = Release|x86
		{051F6111-E689-41A7-9B3E-FF61D44136B1}.Release|Mixed Platforms.ActiveCfg = Release|x86
		{051F6111-E689-41A7-9B3E-FF61D44136B1}.Release|Mixed Platforms.Build.0 = Release|x86
		{051F6111-E689-41A7-9B3E-FF61D44136B1}.Release|x86.ActiveCfg = Release|x86
		{051F6111-E689-41A7-9B3E-FF61D44136B1}.Release|x86.Build.0 = Release|x86
		{D9ACF5F2-B124-468A-8071-B1EBABCDB1EA}.Debug|Any CPU.ActiveCfg = Debug|Any CPU
		{D9ACF5F2-B124-468A-8071-B1EBABCDB1EA}.Debug|Any CPU.Build.0 = Debug|Any CPU
		{D9ACF5F2-B124-468A-8071-B1EBABCDB1EA}.Debug|Mixed Platforms.ActiveCfg = Debug|Any CPU
		{D9ACF5F2-B124-468A-8071-B1EBABCDB1EA}.Debug|Mixed Platforms.Build.0 = Debug|Any CPU
		{D9ACF5F2-B124-468A-8071-B1EBABCDB1EA}.Debug|x86.ActiveCfg = Debug|Any CPU
		{D9ACF5F2-B124-468A-8071-B1EBABCDB1EA}.Release|Any CPU.ActiveCfg = Release|Any CPU
		{D9ACF5F2-B124-468A-8071-B1EBABCDB1EA}.Release|Any CPU.Build.0 = Release|Any CPU
		{D9ACF5F2-B124-468A-8071-B1EBABCDB1EA}.Release|Mixed Platforms.ActiveCfg = Release|Any CPU
		{D9ACF5F2-B124-468A-8071-B1EBABCDB1EA}.Release|Mixed Platforms.Build.0 = Release|Any CPU
		{D9ACF5F2-B124-468A-8071-B1EBABCDB1EA}.Release|x86.ActiveCfg = Release|Any CPU
		{43827F39-E144-4548-BE22-B94DCD7973A2}.Debug|Any CPU.ActiveCfg = Debug|x86
		{43827F39-E144-4548-BE22-B94DCD7973A2}.Debug|Mixed Platforms.ActiveCfg = Debug|x86
		{43827F39-E144-4548-BE22-B94DCD7973A2}.Debug|Mixed Platforms.Build.0 = Debug|x86
		{43827F39-E144-4548-BE22-B94DCD7973A2}.Debug|x86.ActiveCfg = Debug|x86
		{43827F39-E144-4548-BE22-B94DCD7973A2}.Debug|x86.Build.0 = Debug|x86
		{43827F39-E144-4548-BE22-B94DCD7973A2}.Release|Any CPU.ActiveCfg = Release|x86
		{43827F39-E144-4548-BE22-B94DCD7973A2}.Release|Mixed Platforms.ActiveCfg = Release|x86
		{43827F39-E144-4548-BE22-B94DCD7973A2}.Release|Mixed Platforms.Build.0 = Release|x86
		{43827F39-E144-4548-BE22-B94DCD7973A2}.Release|x86.ActiveCfg = Release|x86
		{43827F39-E144-4548-BE22-B94DCD7973A2}.Release|x86.Build.0 = Release|x86
		{618C5CDC-476D-45D6-9814-AD461F2E0878}.Debug|Any CPU.ActiveCfg = Debug|x86
		{618C5CDC-476D-45D6-9814-AD461F2E0878}.Debug|Mixed Platforms.ActiveCfg = Debug|x86
		{618C5CDC-476D-45D6-9814-AD461F2E0878}.Debug|Mixed Platforms.Build.0 = Debug|x86
		{618C5CDC-476D-45D6-9814-AD461F2E0878}.Debug|x86.ActiveCfg = Debug|x86
		{618C5CDC-476D-45D6-9814-AD461F2E0878}.Debug|x86.Build.0 = Debug|x86
		{618C5CDC-476D-45D6-9814-AD461F2E0878}.Release|Any CPU.ActiveCfg = Release|x86
		{618C5CDC-476D-45D6-9814-AD461F2E0878}.Release|Mixed Platforms.ActiveCfg = Release|x86
		{618C5CDC-476D-45D6-9814-AD461F2E0878}.Release|Mixed Platforms.Build.0 = Release|x86
		{618C5CDC-476D-45D6-9814-AD461F2E0878}.Release|x86.ActiveCfg = Release|x86
		{618C5CDC-476D-45D6-9814-AD461F2E0878}.Release|x86.Build.0 = Release|x86
		{16D1849D-1251-4B8C-B45E-20D657A4C16F}.Debug|Any CPU.ActiveCfg = Debug|x86
		{16D1849D-1251-4B8C-B45E-20D657A4C16F}.Debug|Mixed Platforms.ActiveCfg = Debug|x86
		{16D1849D-1251-4B8C-B45E-20D657A4C16F}.Debug|Mixed Platforms.Build.0 = Debug|x86
		{16D1849D-1251-4B8C-B45E-20D657A4C16F}.Debug|x86.ActiveCfg = Debug|x86
		{16D1849D-1251-4B8C-B45E-20D657A4C16F}.Debug|x86.Build.0 = Debug|x86
		{16D1849D-1251-4B8C-B45E-20D657A4C16F}.Release|Any CPU.ActiveCfg = Release|x86
		{16D1849D-1251-4B8C-B45E-20D657A4C16F}.Release|Mixed Platforms.ActiveCfg = Release|x86
		{16D1849D-1251-4B8C-B45E-20D657A4C16F}.Release|Mixed Platforms.Build.0 = Release|x86
		{16D1849D-1251-4B8C-B45E-20D657A4C16F}.Release|x86.ActiveCfg = Release|x86
		{16D1849D-1251-4B8C-B45E-20D657A4C16F}.Release|x86.Build.0 = Release|x86
		{97ACDC30-0B6C-4926-9674-7062E04539B9}.Debug|Any CPU.ActiveCfg = Debug|Any CPU
		{97ACDC30-0B6C-4926-9674-7062E04539B9}.Debug|Any CPU.Build.0 = Debug|Any CPU
		{97ACDC30-0B6C-4926-9674-7062E04539B9}.Debug|Mixed Platforms.ActiveCfg = Debug|Any CPU
		{97ACDC30-0B6C-4926-9674-7062E04539B9}.Debug|Mixed Platforms.Build.0 = Debug|Any CPU
		{97ACDC30-0B6C-4926-9674-7062E04539B9}.Debug|x86.ActiveCfg = Debug|Any CPU
		{97ACDC30-0B6C-4926-9674-7062E04539B9}.Release|Any CPU.ActiveCfg = Release|Any CPU
		{97ACDC30-0B6C-4926-9674-7062E04539B9}.Release|Any CPU.Build.0 = Release|Any CPU
		{97ACDC30-0B6C-4926-9674-7062E04539B9}.Release|Mixed Platforms.ActiveCfg = Release|Any CPU
		{97ACDC30-0B6C-4926-9674-7062E04539B9}.Release|Mixed Platforms.Build.0 = Release|Any CPU
		{97ACDC30-0B6C-4926-9674-7062E04539B9}.Release|x86.ActiveCfg = Release|Any CPU
		{07B7395B-94B8-4392-B591-1647B0835A0B}.Debug|Any CPU.ActiveCfg = Debug|Any CPU
		{07B7395B-94B8-4392-B591-1647B0835A0B}.Debug|Any CPU.Build.0 = Debug|Any CPU
		{07B7395B-94B8-4392-B591-1647B0835A0B}.Debug|Mixed Platforms.ActiveCfg = Debug|Any CPU
		{07B7395B-94B8-4392-B591-1647B0835A0B}.Debug|Mixed Platforms.Build.0 = Debug|Any CPU
		{07B7395B-94B8-4392-B591-1647B0835A0B}.Debug|x86.ActiveCfg = Debug|Any CPU
		{07B7395B-94B8-4392-B591-1647B0835A0B}.Release|Any CPU.ActiveCfg = Release|Any CPU
		{07B7395B-94B8-4392-B591-1647B0835A0B}.Release|Any CPU.Build.0 = Release|Any CPU
		{07B7395B-94B8-4392-B591-1647B0835A0B}.Release|Mixed Platforms.ActiveCfg = Release|Any CPU
		{07B7395B-94B8-4392-B591-1647B0835A0B}.Release|Mixed Platforms.Build.0 = Release|Any CPU
		{07B7395B-94B8-4392-B591-1647B0835A0B}.Release|x86.ActiveCfg = Release|Any CPU
		{A8C172C5-9E0E-4DDD-A295-FB9468C0AA79}.Debug|Any CPU.ActiveCfg = Debug|Any CPU
		{A8C172C5-9E0E-4DDD-A295-FB9468C0AA79}.Debug|Any CPU.Build.0 = Debug|Any CPU
		{A8C172C5-9E0E-4DDD-A295-FB9468C0AA79}.Debug|Mixed Platforms.ActiveCfg = Debug|Any CPU
		{A8C172C5-9E0E-4DDD-A295-FB9468C0AA79}.Debug|Mixed Platforms.Build.0 = Debug|Any CPU
		{A8C172C5-9E0E-4DDD-A295-FB9468C0AA79}.Debug|x86.ActiveCfg = Debug|Any CPU
		{A8C172C5-9E0E-4DDD-A295-FB9468C0AA79}.Release|Any CPU.ActiveCfg = Release|Any CPU
		{A8C172C5-9E0E-4DDD-A295-FB9468C0AA79}.Release|Any CPU.Build.0 = Release|Any CPU
		{A8C172C5-9E0E-4DDD-A295-FB9468C0AA79}.Release|Mixed Platforms.ActiveCfg = Release|Any CPU
		{A8C172C5-9E0E-4DDD-A295-FB9468C0AA79}.Release|Mixed Platforms.Build.0 = Release|Any CPU
		{A8C172C5-9E0E-4DDD-A295-FB9468C0AA79}.Release|x86.ActiveCfg = Release|Any CPU
		{E4460F0C-4829-4C66-AD4B-EC6823534F66}.Debug|Any CPU.ActiveCfg = Debug|Any CPU
		{E4460F0C-4829-4C66-AD4B-EC6823534F66}.Debug|Any CPU.Build.0 = Debug|Any CPU
		{E4460F0C-4829-4C66-AD4B-EC6823534F66}.Debug|Mixed Platforms.ActiveCfg = Debug|Any CPU
		{E4460F0C-4829-4C66-AD4B-EC6823534F66}.Debug|Mixed Platforms.Build.0 = Debug|Any CPU
		{E4460F0C-4829-4C66-AD4B-EC6823534F66}.Debug|x86.ActiveCfg = Debug|Any CPU
		{E4460F0C-4829-4C66-AD4B-EC6823534F66}.Release|Any CPU.ActiveCfg = Release|Any CPU
		{E4460F0C-4829-4C66-AD4B-EC6823534F66}.Release|Any CPU.Build.0 = Release|Any CPU
		{E4460F0C-4829-4C66-AD4B-EC6823534F66}.Release|Mixed Platforms.ActiveCfg = Release|Any CPU
		{E4460F0C-4829-4C66-AD4B-EC6823534F66}.Release|Mixed Platforms.Build.0 = Release|Any CPU
		{E4460F0C-4829-4C66-AD4B-EC6823534F66}.Release|x86.ActiveCfg = Release|Any CPU
		{874A3A2F-20EC-4CD5-9DC8-2DAB7B497434}.Debug|Any CPU.ActiveCfg = Debug|Any CPU
		{874A3A2F-20EC-4CD5-9DC8-2DAB7B497434}.Debug|Any CPU.Build.0 = Debug|Any CPU
		{874A3A2F-20EC-4CD5-9DC8-2DAB7B497434}.Debug|Mixed Platforms.ActiveCfg = Debug|Any CPU
		{874A3A2F-20EC-4CD5-9DC8-2DAB7B497434}.Debug|Mixed Platforms.Build.0 = Debug|Any CPU
		{874A3A2F-20EC-4CD5-9DC8-2DAB7B497434}.Debug|x86.ActiveCfg = Debug|Any CPU
		{874A3A2F-20EC-4CD5-9DC8-2DAB7B497434}.Release|Any CPU.ActiveCfg = Release|Any CPU
		{874A3A2F-20EC-4CD5-9DC8-2DAB7B497434}.Release|Any CPU.Build.0 = Release|Any CPU
		{874A3A2F-20EC-4CD5-9DC8-2DAB7B497434}.Release|Mixed Platforms.ActiveCfg = Release|Any CPU
		{874A3A2F-20EC-4CD5-9DC8-2DAB7B497434}.Release|Mixed Platforms.Build.0 = Release|Any CPU
		{874A3A2F-20EC-4CD5-9DC8-2DAB7B497434}.Release|x86.ActiveCfg = Release|Any CPU
		{41838684-F0F0-4DA2-B582-C0F672DACAD5}.Debug|Any CPU.ActiveCfg = Debug|Any CPU
		{41838684-F0F0-4DA2-B582-C0F672DACAD5}.Debug|Any CPU.Build.0 = Debug|Any CPU
		{41838684-F0F0-4DA2-B582-C0F672DACAD5}.Debug|Mixed Platforms.ActiveCfg = Debug|Any CPU
		{41838684-F0F0-4DA2-B582-C0F672DACAD5}.Debug|Mixed Platforms.Build.0 = Debug|Any CPU
		{41838684-F0F0-4DA2-B582-C0F672DACAD5}.Debug|x86.ActiveCfg = Debug|Any CPU
		{41838684-F0F0-4DA2-B582-C0F672DACAD5}.Release|Any CPU.ActiveCfg = Release|Any CPU
		{41838684-F0F0-4DA2-B582-C0F672DACAD5}.Release|Any CPU.Build.0 = Release|Any CPU
		{41838684-F0F0-4DA2-B582-C0F672DACAD5}.Release|Mixed Platforms.ActiveCfg = Release|Any CPU
		{41838684-F0F0-4DA2-B582-C0F672DACAD5}.Release|Mixed Platforms.Build.0 = Release|Any CPU
		{41838684-F0F0-4DA2-B582-C0F672DACAD5}.Release|x86.ActiveCfg = Release|Any CPU
		{199B6DAB-67B6-4B32-97E6-4549D33D4FF8}.Debug|Any CPU.ActiveCfg = Debug|Any CPU
		{199B6DAB-67B6-4B32-97E6-4549D33D4FF8}.Debug|Any CPU.Build.0 = Debug|Any CPU
		{199B6DAB-67B6-4B32-97E6-4549D33D4FF8}.Debug|Mixed Platforms.ActiveCfg = Debug|Any CPU
		{199B6DAB-67B6-4B32-97E6-4549D33D4FF8}.Debug|Mixed Platforms.Build.0 = Debug|Any CPU
		{199B6DAB-67B6-4B32-97E6-4549D33D4FF8}.Debug|x86.ActiveCfg = Debug|Any CPU
		{199B6DAB-67B6-4B32-97E6-4549D33D4FF8}.Release|Any CPU.ActiveCfg = Release|Any CPU
		{199B6DAB-67B6-4B32-97E6-4549D33D4FF8}.Release|Any CPU.Build.0 = Release|Any CPU
		{199B6DAB-67B6-4B32-97E6-4549D33D4FF8}.Release|Mixed Platforms.ActiveCfg = Release|Any CPU
		{199B6DAB-67B6-4B32-97E6-4549D33D4FF8}.Release|Mixed Platforms.Build.0 = Release|Any CPU
		{199B6DAB-67B6-4B32-97E6-4549D33D4FF8}.Release|x86.ActiveCfg = Release|Any CPU
		{7E33DD0B-629F-4AF1-8E87-E8582CC26309}.Debug|Any CPU.ActiveCfg = Debug|Any CPU
		{7E33DD0B-629F-4AF1-8E87-E8582CC26309}.Debug|Any CPU.Build.0 = Debug|Any CPU
		{7E33DD0B-629F-4AF1-8E87-E8582CC26309}.Debug|Mixed Platforms.ActiveCfg = Debug|Any CPU
		{7E33DD0B-629F-4AF1-8E87-E8582CC26309}.Debug|Mixed Platforms.Build.0 = Debug|Any CPU
		{7E33DD0B-629F-4AF1-8E87-E8582CC26309}.Debug|x86.ActiveCfg = Debug|Any CPU
		{7E33DD0B-629F-4AF1-8E87-E8582CC26309}.Release|Any CPU.ActiveCfg = Release|Any CPU
		{7E33DD0B-629F-4AF1-8E87-E8582CC26309}.Release|Any CPU.Build.0 = Release|Any CPU
		{7E33DD0B-629F-4AF1-8E87-E8582CC26309}.Release|Mixed Platforms.ActiveCfg = Release|Any CPU
		{7E33DD0B-629F-4AF1-8E87-E8582CC26309}.Release|Mixed Platforms.Build.0 = Release|Any CPU
		{7E33DD0B-629F-4AF1-8E87-E8582CC26309}.Release|x86.ActiveCfg = Release|Any CPU
		{E4FA4931-8803-4CA8-AADA-B632CE525210}.Debug|Any CPU.ActiveCfg = Debug|Any CPU
		{E4FA4931-8803-4CA8-AADA-B632CE525210}.Debug|Any CPU.Build.0 = Debug|Any CPU
		{E4FA4931-8803-4CA8-AADA-B632CE525210}.Debug|Mixed Platforms.ActiveCfg = Debug|Any CPU
		{E4FA4931-8803-4CA8-AADA-B632CE525210}.Debug|Mixed Platforms.Build.0 = Debug|Any CPU
		{E4FA4931-8803-4CA8-AADA-B632CE525210}.Debug|x86.ActiveCfg = Debug|Any CPU
		{E4FA4931-8803-4CA8-AADA-B632CE525210}.Release|Any CPU.ActiveCfg = Release|Any CPU
		{E4FA4931-8803-4CA8-AADA-B632CE525210}.Release|Any CPU.Build.0 = Release|Any CPU
		{E4FA4931-8803-4CA8-AADA-B632CE525210}.Release|Mixed Platforms.ActiveCfg = Release|Any CPU
		{E4FA4931-8803-4CA8-AADA-B632CE525210}.Release|Mixed Platforms.Build.0 = Release|Any CPU
		{E4FA4931-8803-4CA8-AADA-B632CE525210}.Release|x86.ActiveCfg = Release|Any CPU
		{F8C1BBCE-DB57-4877-A0C1-F55E1C141D72}.Debug|Any CPU.ActiveCfg = Debug|Any CPU
		{F8C1BBCE-DB57-4877-A0C1-F55E1C141D72}.Debug|Any CPU.Build.0 = Debug|Any CPU
		{F8C1BBCE-DB57-4877-A0C1-F55E1C141D72}.Debug|Mixed Platforms.ActiveCfg = Debug|Any CPU
		{F8C1BBCE-DB57-4877-A0C1-F55E1C141D72}.Debug|Mixed Platforms.Build.0 = Debug|Any CPU
		{F8C1BBCE-DB57-4877-A0C1-F55E1C141D72}.Debug|x86.ActiveCfg = Debug|Any CPU
		{F8C1BBCE-DB57-4877-A0C1-F55E1C141D72}.Release|Any CPU.ActiveCfg = Release|Any CPU
		{F8C1BBCE-DB57-4877-A0C1-F55E1C141D72}.Release|Any CPU.Build.0 = Release|Any CPU
		{F8C1BBCE-DB57-4877-A0C1-F55E1C141D72}.Release|Mixed Platforms.ActiveCfg = Release|Any CPU
		{F8C1BBCE-DB57-4877-A0C1-F55E1C141D72}.Release|Mixed Platforms.Build.0 = Release|Any CPU
		{F8C1BBCE-DB57-4877-A0C1-F55E1C141D72}.Release|x86.ActiveCfg = Release|Any CPU
		{7A6B02AF-B576-4BFD-B398-508553BDBD26}.Debug|Any CPU.ActiveCfg = Debug|Any CPU
		{7A6B02AF-B576-4BFD-B398-508553BDBD26}.Debug|Any CPU.Build.0 = Debug|Any CPU
		{7A6B02AF-B576-4BFD-B398-508553BDBD26}.Debug|Mixed Platforms.ActiveCfg = Debug|Any CPU
		{7A6B02AF-B576-4BFD-B398-508553BDBD26}.Debug|Mixed Platforms.Build.0 = Debug|Any CPU
		{7A6B02AF-B576-4BFD-B398-508553BDBD26}.Debug|x86.ActiveCfg = Debug|Any CPU
		{7A6B02AF-B576-4BFD-B398-508553BDBD26}.Release|Any CPU.ActiveCfg = Release|Any CPU
		{7A6B02AF-B576-4BFD-B398-508553BDBD26}.Release|Any CPU.Build.0 = Release|Any CPU
		{7A6B02AF-B576-4BFD-B398-508553BDBD26}.Release|Mixed Platforms.ActiveCfg = Release|Any CPU
		{7A6B02AF-B576-4BFD-B398-508553BDBD26}.Release|Mixed Platforms.Build.0 = Release|Any CPU
		{7A6B02AF-B576-4BFD-B398-508553BDBD26}.Release|x86.ActiveCfg = Release|Any CPU
		{75CB307F-CF10-4BD6-8A57-150D3B25640D}.Debug|Any CPU.ActiveCfg = Debug|Any CPU
		{75CB307F-CF10-4BD6-8A57-150D3B25640D}.Debug|Any CPU.Build.0 = Debug|Any CPU
		{75CB307F-CF10-4BD6-8A57-150D3B25640D}.Debug|Mixed Platforms.ActiveCfg = Debug|Any CPU
		{75CB307F-CF10-4BD6-8A57-150D3B25640D}.Debug|Mixed Platforms.Build.0 = Debug|Any CPU
		{75CB307F-CF10-4BD6-8A57-150D3B25640D}.Debug|x86.ActiveCfg = Debug|Any CPU
		{75CB307F-CF10-4BD6-8A57-150D3B25640D}.Release|Any CPU.ActiveCfg = Release|Any CPU
		{75CB307F-CF10-4BD6-8A57-150D3B25640D}.Release|Any CPU.Build.0 = Release|Any CPU
		{75CB307F-CF10-4BD6-8A57-150D3B25640D}.Release|Mixed Platforms.ActiveCfg = Release|Any CPU
		{75CB307F-CF10-4BD6-8A57-150D3B25640D}.Release|Mixed Platforms.Build.0 = Release|Any CPU
		{75CB307F-CF10-4BD6-8A57-150D3B25640D}.Release|x86.ActiveCfg = Release|Any CPU
		{1F9E45E3-6DEB-4EEB-8824-4BEAFE815487}.Debug|Any CPU.ActiveCfg = Debug|Any CPU
		{1F9E45E3-6DEB-4EEB-8824-4BEAFE815487}.Debug|Any CPU.Build.0 = Debug|Any CPU
		{1F9E45E3-6DEB-4EEB-8824-4BEAFE815487}.Debug|Mixed Platforms.ActiveCfg = Debug|Any CPU
		{1F9E45E3-6DEB-4EEB-8824-4BEAFE815487}.Debug|Mixed Platforms.Build.0 = Debug|Any CPU
		{1F9E45E3-6DEB-4EEB-8824-4BEAFE815487}.Debug|x86.ActiveCfg = Debug|Any CPU
		{1F9E45E3-6DEB-4EEB-8824-4BEAFE815487}.Release|Any CPU.ActiveCfg = Release|Any CPU
		{1F9E45E3-6DEB-4EEB-8824-4BEAFE815487}.Release|Any CPU.Build.0 = Release|Any CPU
		{1F9E45E3-6DEB-4EEB-8824-4BEAFE815487}.Release|Mixed Platforms.ActiveCfg = Release|Any CPU
		{1F9E45E3-6DEB-4EEB-8824-4BEAFE815487}.Release|Mixed Platforms.Build.0 = Release|Any CPU
		{1F9E45E3-6DEB-4EEB-8824-4BEAFE815487}.Release|x86.ActiveCfg = Release|Any CPU
		{E3A05366-20F7-4A13-8418-CEB901059A83}.Debug|Any CPU.ActiveCfg = Debug|Any CPU
		{E3A05366-20F7-4A13-8418-CEB901059A83}.Debug|Any CPU.Build.0 = Debug|Any CPU
		{E3A05366-20F7-4A13-8418-CEB901059A83}.Debug|Mixed Platforms.ActiveCfg = Debug|Any CPU
		{E3A05366-20F7-4A13-8418-CEB901059A83}.Debug|Mixed Platforms.Build.0 = Debug|Any CPU
		{E3A05366-20F7-4A13-8418-CEB901059A83}.Debug|x86.ActiveCfg = Debug|Any CPU
		{E3A05366-20F7-4A13-8418-CEB901059A83}.Release|Any CPU.ActiveCfg = Release|Any CPU
		{E3A05366-20F7-4A13-8418-CEB901059A83}.Release|Any CPU.Build.0 = Release|Any CPU
		{E3A05366-20F7-4A13-8418-CEB901059A83}.Release|Mixed Platforms.ActiveCfg = Release|Any CPU
		{E3A05366-20F7-4A13-8418-CEB901059A83}.Release|Mixed Platforms.Build.0 = Release|Any CPU
		{E3A05366-20F7-4A13-8418-CEB901059A83}.Release|x86.ActiveCfg = Release|Any CPU
		{A8632B69-6FB1-4D15-9850-560B69B770E0}.Debug|Any CPU.ActiveCfg = Debug|Any CPU
		{A8632B69-6FB1-4D15-9850-560B69B770E0}.Debug|Any CPU.Build.0 = Debug|Any CPU
		{A8632B69-6FB1-4D15-9850-560B69B770E0}.Debug|Mixed Platforms.ActiveCfg = Debug|Any CPU
		{A8632B69-6FB1-4D15-9850-560B69B770E0}.Debug|Mixed Platforms.Build.0 = Debug|Any CPU
		{A8632B69-6FB1-4D15-9850-560B69B770E0}.Debug|x86.ActiveCfg = Debug|Any CPU
		{A8632B69-6FB1-4D15-9850-560B69B770E0}.Release|Any CPU.ActiveCfg = Release|Any CPU
		{A8632B69-6FB1-4D15-9850-560B69B770E0}.Release|Any CPU.Build.0 = Release|Any CPU
		{A8632B69-6FB1-4D15-9850-560B69B770E0}.Release|Mixed Platforms.ActiveCfg = Release|Any CPU
		{A8632B69-6FB1-4D15-9850-560B69B770E0}.Release|Mixed Platforms.Build.0 = Release|Any CPU
		{A8632B69-6FB1-4D15-9850-560B69B770E0}.Release|x86.ActiveCfg = Release|Any CPU
		{48633B13-12EB-4616-A1DA-F088F27B5C05}.Debug|Any CPU.ActiveCfg = Debug|Any CPU
		{48633B13-12EB-4616-A1DA-F088F27B5C05}.Debug|Any CPU.Build.0 = Debug|Any CPU
		{48633B13-12EB-4616-A1DA-F088F27B5C05}.Debug|Mixed Platforms.ActiveCfg = Debug|Any CPU
		{48633B13-12EB-4616-A1DA-F088F27B5C05}.Debug|Mixed Platforms.Build.0 = Debug|Any CPU
		{48633B13-12EB-4616-A1DA-F088F27B5C05}.Debug|x86.ActiveCfg = Debug|Any CPU
		{48633B13-12EB-4616-A1DA-F088F27B5C05}.Release|Any CPU.ActiveCfg = Release|Any CPU
		{48633B13-12EB-4616-A1DA-F088F27B5C05}.Release|Any CPU.Build.0 = Release|Any CPU
		{48633B13-12EB-4616-A1DA-F088F27B5C05}.Release|Mixed Platforms.ActiveCfg = Release|Any CPU
		{48633B13-12EB-4616-A1DA-F088F27B5C05}.Release|Mixed Platforms.Build.0 = Release|Any CPU
		{48633B13-12EB-4616-A1DA-F088F27B5C05}.Release|x86.ActiveCfg = Release|Any CPU
		{2CE3F5A6-D6A4-440D-8DC4-B3D332E14D71}.Debug|Any CPU.ActiveCfg = Debug|Any CPU
		{2CE3F5A6-D6A4-440D-8DC4-B3D332E14D71}.Debug|Any CPU.Build.0 = Debug|Any CPU
		{2CE3F5A6-D6A4-440D-8DC4-B3D332E14D71}.Debug|Mixed Platforms.ActiveCfg = Debug|Any CPU
		{2CE3F5A6-D6A4-440D-8DC4-B3D332E14D71}.Debug|Mixed Platforms.Build.0 = Debug|Any CPU
		{2CE3F5A6-D6A4-440D-8DC4-B3D332E14D71}.Debug|x86.ActiveCfg = Debug|Any CPU
		{2CE3F5A6-D6A4-440D-8DC4-B3D332E14D71}.Release|Any CPU.ActiveCfg = Release|Any CPU
		{2CE3F5A6-D6A4-440D-8DC4-B3D332E14D71}.Release|Any CPU.Build.0 = Release|Any CPU
		{2CE3F5A6-D6A4-440D-8DC4-B3D332E14D71}.Release|Mixed Platforms.ActiveCfg = Release|Any CPU
		{2CE3F5A6-D6A4-440D-8DC4-B3D332E14D71}.Release|Mixed Platforms.Build.0 = Release|Any CPU
		{2CE3F5A6-D6A4-440D-8DC4-B3D332E14D71}.Release|x86.ActiveCfg = Release|Any CPU
		{6C4BA419-9698-4B17-85FD-20280A0B52FA}.Debug|Any CPU.ActiveCfg = Debug|Any CPU
		{6C4BA419-9698-4B17-85FD-20280A0B52FA}.Debug|Any CPU.Build.0 = Debug|Any CPU
		{6C4BA419-9698-4B17-85FD-20280A0B52FA}.Debug|Mixed Platforms.ActiveCfg = Debug|Any CPU
		{6C4BA419-9698-4B17-85FD-20280A0B52FA}.Debug|Mixed Platforms.Build.0 = Debug|Any CPU
		{6C4BA419-9698-4B17-85FD-20280A0B52FA}.Debug|x86.ActiveCfg = Debug|Any CPU
		{6C4BA419-9698-4B17-85FD-20280A0B52FA}.Release|Any CPU.ActiveCfg = Release|Any CPU
		{6C4BA419-9698-4B17-85FD-20280A0B52FA}.Release|Any CPU.Build.0 = Release|Any CPU
		{6C4BA419-9698-4B17-85FD-20280A0B52FA}.Release|Mixed Platforms.ActiveCfg = Release|Any CPU
		{6C4BA419-9698-4B17-85FD-20280A0B52FA}.Release|Mixed Platforms.Build.0 = Release|Any CPU
		{6C4BA419-9698-4B17-85FD-20280A0B52FA}.Release|x86.ActiveCfg = Release|Any CPU
		{F690FF8B-77CF-416D-A4F4-92525D850E7D}.Debug|Any CPU.ActiveCfg = Debug|Any CPU
		{F690FF8B-77CF-416D-A4F4-92525D850E7D}.Debug|Any CPU.Build.0 = Debug|Any CPU
		{F690FF8B-77CF-416D-A4F4-92525D850E7D}.Debug|Mixed Platforms.ActiveCfg = Debug|Any CPU
		{F690FF8B-77CF-416D-A4F4-92525D850E7D}.Debug|Mixed Platforms.Build.0 = Debug|Any CPU
		{F690FF8B-77CF-416D-A4F4-92525D850E7D}.Debug|x86.ActiveCfg = Debug|Any CPU
		{F690FF8B-77CF-416D-A4F4-92525D850E7D}.Release|Any CPU.ActiveCfg = Release|Any CPU
		{F690FF8B-77CF-416D-A4F4-92525D850E7D}.Release|Any CPU.Build.0 = Release|Any CPU
		{F690FF8B-77CF-416D-A4F4-92525D850E7D}.Release|Mixed Platforms.ActiveCfg = Release|Any CPU
		{F690FF8B-77CF-416D-A4F4-92525D850E7D}.Release|Mixed Platforms.Build.0 = Release|Any CPU
		{F690FF8B-77CF-416D-A4F4-92525D850E7D}.Release|x86.ActiveCfg = Release|Any CPU
		{B9C6EF09-D1DF-406E-80B4-5D586B31B1AC}.Debug|Any CPU.ActiveCfg = Debug|Any CPU
		{B9C6EF09-D1DF-406E-80B4-5D586B31B1AC}.Debug|Any CPU.Build.0 = Debug|Any CPU
		{B9C6EF09-D1DF-406E-80B4-5D586B31B1AC}.Debug|Mixed Platforms.ActiveCfg = Debug|Any CPU
		{B9C6EF09-D1DF-406E-80B4-5D586B31B1AC}.Debug|Mixed Platforms.Build.0 = Debug|Any CPU
		{B9C6EF09-D1DF-406E-80B4-5D586B31B1AC}.Debug|x86.ActiveCfg = Debug|Any CPU
		{B9C6EF09-D1DF-406E-80B4-5D586B31B1AC}.Release|Any CPU.ActiveCfg = Release|Any CPU
		{B9C6EF09-D1DF-406E-80B4-5D586B31B1AC}.Release|Any CPU.Build.0 = Release|Any CPU
		{B9C6EF09-D1DF-406E-80B4-5D586B31B1AC}.Release|Mixed Platforms.ActiveCfg = Release|Any CPU
		{B9C6EF09-D1DF-406E-80B4-5D586B31B1AC}.Release|Mixed Platforms.Build.0 = Release|Any CPU
		{B9C6EF09-D1DF-406E-80B4-5D586B31B1AC}.Release|x86.ActiveCfg = Release|Any CPU
		{08C4003F-D2A4-4211-BDE0-F57FEAA75DD9}.Debug|Any CPU.ActiveCfg = Debug|Any CPU
		{08C4003F-D2A4-4211-BDE0-F57FEAA75DD9}.Debug|Any CPU.Build.0 = Debug|Any CPU
		{08C4003F-D2A4-4211-BDE0-F57FEAA75DD9}.Debug|Mixed Platforms.ActiveCfg = Debug|Any CPU
		{08C4003F-D2A4-4211-BDE0-F57FEAA75DD9}.Debug|Mixed Platforms.Build.0 = Debug|Any CPU
		{08C4003F-D2A4-4211-BDE0-F57FEAA75DD9}.Debug|x86.ActiveCfg = Debug|Any CPU
		{08C4003F-D2A4-4211-BDE0-F57FEAA75DD9}.Release|Any CPU.ActiveCfg = Release|Any CPU
		{08C4003F-D2A4-4211-BDE0-F57FEAA75DD9}.Release|Any CPU.Build.0 = Release|Any CPU
		{08C4003F-D2A4-4211-BDE0-F57FEAA75DD9}.Release|Mixed Platforms.ActiveCfg = Release|Any CPU
		{08C4003F-D2A4-4211-BDE0-F57FEAA75DD9}.Release|Mixed Platforms.Build.0 = Release|Any CPU
		{08C4003F-D2A4-4211-BDE0-F57FEAA75DD9}.Release|x86.ActiveCfg = Release|Any CPU
		{01DF9954-C595-45B4-8B04-FEEC62C54B9F}.Debug|Any CPU.ActiveCfg = Debug|Any CPU
		{01DF9954-C595-45B4-8B04-FEEC62C54B9F}.Debug|Any CPU.Build.0 = Debug|Any CPU
		{01DF9954-C595-45B4-8B04-FEEC62C54B9F}.Debug|Mixed Platforms.ActiveCfg = Debug|Any CPU
		{01DF9954-C595-45B4-8B04-FEEC62C54B9F}.Debug|Mixed Platforms.Build.0 = Debug|Any CPU
		{01DF9954-C595-45B4-8B04-FEEC62C54B9F}.Debug|x86.ActiveCfg = Debug|Any CPU
		{01DF9954-C595-45B4-8B04-FEEC62C54B9F}.Release|Any CPU.ActiveCfg = Release|Any CPU
		{01DF9954-C595-45B4-8B04-FEEC62C54B9F}.Release|Any CPU.Build.0 = Release|Any CPU
		{01DF9954-C595-45B4-8B04-FEEC62C54B9F}.Release|Mixed Platforms.ActiveCfg = Release|Any CPU
		{01DF9954-C595-45B4-8B04-FEEC62C54B9F}.Release|Mixed Platforms.Build.0 = Release|Any CPU
		{01DF9954-C595-45B4-8B04-FEEC62C54B9F}.Release|x86.ActiveCfg = Release|Any CPU
		{0F661570-3BFC-4F20-8F93-81938A47A82E}.Debug|Any CPU.ActiveCfg = Debug|Any CPU
		{0F661570-3BFC-4F20-8F93-81938A47A82E}.Debug|Any CPU.Build.0 = Debug|Any CPU
		{0F661570-3BFC-4F20-8F93-81938A47A82E}.Debug|Mixed Platforms.ActiveCfg = Debug|Any CPU
		{0F661570-3BFC-4F20-8F93-81938A47A82E}.Debug|Mixed Platforms.Build.0 = Debug|Any CPU
		{0F661570-3BFC-4F20-8F93-81938A47A82E}.Debug|x86.ActiveCfg = Debug|Any CPU
		{0F661570-3BFC-4F20-8F93-81938A47A82E}.Release|Any CPU.ActiveCfg = Release|Any CPU
		{0F661570-3BFC-4F20-8F93-81938A47A82E}.Release|Any CPU.Build.0 = Release|Any CPU
		{0F661570-3BFC-4F20-8F93-81938A47A82E}.Release|Mixed Platforms.ActiveCfg = Release|Any CPU
		{0F661570-3BFC-4F20-8F93-81938A47A82E}.Release|Mixed Platforms.Build.0 = Release|Any CPU
		{0F661570-3BFC-4F20-8F93-81938A47A82E}.Release|x86.ActiveCfg = Release|Any CPU
		{3B9038AD-35AE-403F-979D-7F5E65C0D83F}.Debug|Any CPU.ActiveCfg = Debug|Any CPU
		{3B9038AD-35AE-403F-979D-7F5E65C0D83F}.Debug|Any CPU.Build.0 = Debug|Any CPU
		{3B9038AD-35AE-403F-979D-7F5E65C0D83F}.Debug|Mixed Platforms.ActiveCfg = Debug|Any CPU
		{3B9038AD-35AE-403F-979D-7F5E65C0D83F}.Debug|Mixed Platforms.Build.0 = Debug|Any CPU
		{3B9038AD-35AE-403F-979D-7F5E65C0D83F}.Debug|x86.ActiveCfg = Debug|Any CPU
		{3B9038AD-35AE-403F-979D-7F5E65C0D83F}.Release|Any CPU.ActiveCfg = Release|Any CPU
		{3B9038AD-35AE-403F-979D-7F5E65C0D83F}.Release|Any CPU.Build.0 = Release|Any CPU
		{3B9038AD-35AE-403F-979D-7F5E65C0D83F}.Release|Mixed Platforms.ActiveCfg = Release|Any CPU
		{3B9038AD-35AE-403F-979D-7F5E65C0D83F}.Release|Mixed Platforms.Build.0 = Release|Any CPU
		{3B9038AD-35AE-403F-979D-7F5E65C0D83F}.Release|x86.ActiveCfg = Release|Any CPU
		{38B1E24B-C53E-464C-AEA2-1BB927E612FD}.Debug|Any CPU.ActiveCfg = Debug|Any CPU
		{38B1E24B-C53E-464C-AEA2-1BB927E612FD}.Debug|Any CPU.Build.0 = Debug|Any CPU
		{38B1E24B-C53E-464C-AEA2-1BB927E612FD}.Debug|Mixed Platforms.ActiveCfg = Debug|Any CPU
		{38B1E24B-C53E-464C-AEA2-1BB927E612FD}.Debug|Mixed Platforms.Build.0 = Debug|Any CPU
		{38B1E24B-C53E-464C-AEA2-1BB927E612FD}.Debug|x86.ActiveCfg = Debug|Any CPU
		{38B1E24B-C53E-464C-AEA2-1BB927E612FD}.Release|Any CPU.ActiveCfg = Release|Any CPU
		{38B1E24B-C53E-464C-AEA2-1BB927E612FD}.Release|Any CPU.Build.0 = Release|Any CPU
		{38B1E24B-C53E-464C-AEA2-1BB927E612FD}.Release|Mixed Platforms.ActiveCfg = Release|Any CPU
		{38B1E24B-C53E-464C-AEA2-1BB927E612FD}.Release|Mixed Platforms.Build.0 = Release|Any CPU
		{38B1E24B-C53E-464C-AEA2-1BB927E612FD}.Release|x86.ActiveCfg = Release|Any CPU
		{97B4E2D6-B998-40C4-B8EF-00D9E49C0F30}.Debug|Any CPU.ActiveCfg = Debug|Any CPU
		{97B4E2D6-B998-40C4-B8EF-00D9E49C0F30}.Debug|Any CPU.Build.0 = Debug|Any CPU
		{97B4E2D6-B998-40C4-B8EF-00D9E49C0F30}.Debug|Mixed Platforms.ActiveCfg = Debug|Any CPU
		{97B4E2D6-B998-40C4-B8EF-00D9E49C0F30}.Debug|Mixed Platforms.Build.0 = Debug|Any CPU
		{97B4E2D6-B998-40C4-B8EF-00D9E49C0F30}.Debug|x86.ActiveCfg = Debug|Any CPU
		{97B4E2D6-B998-40C4-B8EF-00D9E49C0F30}.Release|Any CPU.ActiveCfg = Release|Any CPU
		{97B4E2D6-B998-40C4-B8EF-00D9E49C0F30}.Release|Any CPU.Build.0 = Release|Any CPU
		{97B4E2D6-B998-40C4-B8EF-00D9E49C0F30}.Release|Mixed Platforms.ActiveCfg = Release|Any CPU
		{97B4E2D6-B998-40C4-B8EF-00D9E49C0F30}.Release|Mixed Platforms.Build.0 = Release|Any CPU
		{97B4E2D6-B998-40C4-B8EF-00D9E49C0F30}.Release|x86.ActiveCfg = Release|Any CPU
		{2530E1E1-F6AB-406B-BFDC-47827F6FE3C1}.Debug|Any CPU.ActiveCfg = Debug|Any CPU
		{2530E1E1-F6AB-406B-BFDC-47827F6FE3C1}.Debug|Any CPU.Build.0 = Debug|Any CPU
		{2530E1E1-F6AB-406B-BFDC-47827F6FE3C1}.Debug|Mixed Platforms.ActiveCfg = Debug|Any CPU
		{2530E1E1-F6AB-406B-BFDC-47827F6FE3C1}.Debug|Mixed Platforms.Build.0 = Debug|Any CPU
		{2530E1E1-F6AB-406B-BFDC-47827F6FE3C1}.Debug|x86.ActiveCfg = Debug|Any CPU
		{2530E1E1-F6AB-406B-BFDC-47827F6FE3C1}.Release|Any CPU.ActiveCfg = Release|Any CPU
		{2530E1E1-F6AB-406B-BFDC-47827F6FE3C1}.Release|Any CPU.Build.0 = Release|Any CPU
		{2530E1E1-F6AB-406B-BFDC-47827F6FE3C1}.Release|Mixed Platforms.ActiveCfg = Release|Any CPU
		{2530E1E1-F6AB-406B-BFDC-47827F6FE3C1}.Release|Mixed Platforms.Build.0 = Release|Any CPU
		{2530E1E1-F6AB-406B-BFDC-47827F6FE3C1}.Release|x86.ActiveCfg = Release|Any CPU
		{94290304-F324-4A77-AE8E-8CF89C4A371E}.Debug|Any CPU.ActiveCfg = Debug|Any CPU
		{94290304-F324-4A77-AE8E-8CF89C4A371E}.Debug|Any CPU.Build.0 = Debug|Any CPU
		{94290304-F324-4A77-AE8E-8CF89C4A371E}.Debug|Mixed Platforms.ActiveCfg = Debug|Any CPU
		{94290304-F324-4A77-AE8E-8CF89C4A371E}.Debug|Mixed Platforms.Build.0 = Debug|Any CPU
		{94290304-F324-4A77-AE8E-8CF89C4A371E}.Debug|x86.ActiveCfg = Debug|Any CPU
		{94290304-F324-4A77-AE8E-8CF89C4A371E}.Release|Any CPU.ActiveCfg = Release|Any CPU
		{94290304-F324-4A77-AE8E-8CF89C4A371E}.Release|Any CPU.Build.0 = Release|Any CPU
		{94290304-F324-4A77-AE8E-8CF89C4A371E}.Release|Mixed Platforms.ActiveCfg = Release|Any CPU
		{94290304-F324-4A77-AE8E-8CF89C4A371E}.Release|Mixed Platforms.Build.0 = Release|Any CPU
		{94290304-F324-4A77-AE8E-8CF89C4A371E}.Release|x86.ActiveCfg = Release|Any CPU
		{4773B09F-5A52-4DC4-ABC2-2703E002F4CA}.Debug|Any CPU.ActiveCfg = Debug|Any CPU
		{4773B09F-5A52-4DC4-ABC2-2703E002F4CA}.Debug|Any CPU.Build.0 = Debug|Any CPU
		{4773B09F-5A52-4DC4-ABC2-2703E002F4CA}.Debug|Mixed Platforms.ActiveCfg = Debug|Any CPU
		{4773B09F-5A52-4DC4-ABC2-2703E002F4CA}.Debug|Mixed Platforms.Build.0 = Debug|Any CPU
		{4773B09F-5A52-4DC4-ABC2-2703E002F4CA}.Debug|x86.ActiveCfg = Debug|Any CPU
		{4773B09F-5A52-4DC4-ABC2-2703E002F4CA}.Release|Any CPU.ActiveCfg = Release|Any CPU
		{4773B09F-5A52-4DC4-ABC2-2703E002F4CA}.Release|Any CPU.Build.0 = Release|Any CPU
		{4773B09F-5A52-4DC4-ABC2-2703E002F4CA}.Release|Mixed Platforms.ActiveCfg = Release|Any CPU
		{4773B09F-5A52-4DC4-ABC2-2703E002F4CA}.Release|Mixed Platforms.Build.0 = Release|Any CPU
		{4773B09F-5A52-4DC4-ABC2-2703E002F4CA}.Release|x86.ActiveCfg = Release|Any CPU
		{ECA3E672-CFC4-42C8-A6EC-833318729BA9}.Debug|Any CPU.ActiveCfg = Debug|Any CPU
		{ECA3E672-CFC4-42C8-A6EC-833318729BA9}.Debug|Any CPU.Build.0 = Debug|Any CPU
		{ECA3E672-CFC4-42C8-A6EC-833318729BA9}.Debug|Mixed Platforms.ActiveCfg = Debug|Any CPU
		{ECA3E672-CFC4-42C8-A6EC-833318729BA9}.Debug|Mixed Platforms.Build.0 = Debug|Any CPU
		{ECA3E672-CFC4-42C8-A6EC-833318729BA9}.Debug|x86.ActiveCfg = Debug|Any CPU
		{ECA3E672-CFC4-42C8-A6EC-833318729BA9}.Release|Any CPU.ActiveCfg = Release|Any CPU
		{ECA3E672-CFC4-42C8-A6EC-833318729BA9}.Release|Any CPU.Build.0 = Release|Any CPU
		{ECA3E672-CFC4-42C8-A6EC-833318729BA9}.Release|Mixed Platforms.ActiveCfg = Release|Any CPU
		{ECA3E672-CFC4-42C8-A6EC-833318729BA9}.Release|Mixed Platforms.Build.0 = Release|Any CPU
		{ECA3E672-CFC4-42C8-A6EC-833318729BA9}.Release|x86.ActiveCfg = Release|Any CPU
		{7FD72E80-D8E8-4969-9450-B0C1BCD97F14}.Debug|Any CPU.ActiveCfg = Debug|Any CPU
		{7FD72E80-D8E8-4969-9450-B0C1BCD97F14}.Debug|Any CPU.Build.0 = Debug|Any CPU
		{7FD72E80-D8E8-4969-9450-B0C1BCD97F14}.Debug|Mixed Platforms.ActiveCfg = Debug|Any CPU
		{7FD72E80-D8E8-4969-9450-B0C1BCD97F14}.Debug|Mixed Platforms.Build.0 = Debug|Any CPU
		{7FD72E80-D8E8-4969-9450-B0C1BCD97F14}.Debug|x86.ActiveCfg = Debug|Any CPU
		{7FD72E80-D8E8-4969-9450-B0C1BCD97F14}.Release|Any CPU.ActiveCfg = Release|Any CPU
		{7FD72E80-D8E8-4969-9450-B0C1BCD97F14}.Release|Any CPU.Build.0 = Release|Any CPU
		{7FD72E80-D8E8-4969-9450-B0C1BCD97F14}.Release|Mixed Platforms.ActiveCfg = Release|Any CPU
		{7FD72E80-D8E8-4969-9450-B0C1BCD97F14}.Release|Mixed Platforms.Build.0 = Release|Any CPU
		{7FD72E80-D8E8-4969-9450-B0C1BCD97F14}.Release|x86.ActiveCfg = Release|Any CPU
		{1224E626-3643-4E26-B6FC-756EF147BF25}.Debug|Any CPU.ActiveCfg = Debug|Any CPU
		{1224E626-3643-4E26-B6FC-756EF147BF25}.Debug|Any CPU.Build.0 = Debug|Any CPU
		{1224E626-3643-4E26-B6FC-756EF147BF25}.Debug|Mixed Platforms.ActiveCfg = Debug|Any CPU
		{1224E626-3643-4E26-B6FC-756EF147BF25}.Debug|Mixed Platforms.Build.0 = Debug|Any CPU
		{1224E626-3643-4E26-B6FC-756EF147BF25}.Debug|x86.ActiveCfg = Debug|Any CPU
		{1224E626-3643-4E26-B6FC-756EF147BF25}.Release|Any CPU.ActiveCfg = Release|Any CPU
		{1224E626-3643-4E26-B6FC-756EF147BF25}.Release|Any CPU.Build.0 = Release|Any CPU
		{1224E626-3643-4E26-B6FC-756EF147BF25}.Release|Mixed Platforms.ActiveCfg = Release|Any CPU
		{1224E626-3643-4E26-B6FC-756EF147BF25}.Release|Mixed Platforms.Build.0 = Release|Any CPU
		{1224E626-3643-4E26-B6FC-756EF147BF25}.Release|x86.ActiveCfg = Release|Any CPU
		{905F9FF1-FC9D-4C23-9034-092C3DAB9A03}.Debug|Any CPU.ActiveCfg = Debug|Any CPU
		{905F9FF1-FC9D-4C23-9034-092C3DAB9A03}.Debug|Any CPU.Build.0 = Debug|Any CPU
		{905F9FF1-FC9D-4C23-9034-092C3DAB9A03}.Debug|Mixed Platforms.ActiveCfg = Debug|Any CPU
		{905F9FF1-FC9D-4C23-9034-092C3DAB9A03}.Debug|Mixed Platforms.Build.0 = Debug|Any CPU
		{905F9FF1-FC9D-4C23-9034-092C3DAB9A03}.Debug|x86.ActiveCfg = Debug|Any CPU
		{905F9FF1-FC9D-4C23-9034-092C3DAB9A03}.Release|Any CPU.ActiveCfg = Release|Any CPU
		{905F9FF1-FC9D-4C23-9034-092C3DAB9A03}.Release|Any CPU.Build.0 = Release|Any CPU
		{905F9FF1-FC9D-4C23-9034-092C3DAB9A03}.Release|Mixed Platforms.ActiveCfg = Release|Any CPU
		{905F9FF1-FC9D-4C23-9034-092C3DAB9A03}.Release|Mixed Platforms.Build.0 = Release|Any CPU
		{905F9FF1-FC9D-4C23-9034-092C3DAB9A03}.Release|x86.ActiveCfg = Release|Any CPU
		{DE5E2051-B05C-4129-B9C5-110E24A2DD6D}.Debug|Any CPU.ActiveCfg = Debug|Any CPU
		{DE5E2051-B05C-4129-B9C5-110E24A2DD6D}.Debug|Any CPU.Build.0 = Debug|Any CPU
		{DE5E2051-B05C-4129-B9C5-110E24A2DD6D}.Debug|Mixed Platforms.ActiveCfg = Debug|Any CPU
		{DE5E2051-B05C-4129-B9C5-110E24A2DD6D}.Debug|Mixed Platforms.Build.0 = Debug|Any CPU
		{DE5E2051-B05C-4129-B9C5-110E24A2DD6D}.Debug|x86.ActiveCfg = Debug|Any CPU
		{DE5E2051-B05C-4129-B9C5-110E24A2DD6D}.Release|Any CPU.ActiveCfg = Release|Any CPU
		{DE5E2051-B05C-4129-B9C5-110E24A2DD6D}.Release|Any CPU.Build.0 = Release|Any CPU
		{DE5E2051-B05C-4129-B9C5-110E24A2DD6D}.Release|Mixed Platforms.ActiveCfg = Release|Any CPU
		{DE5E2051-B05C-4129-B9C5-110E24A2DD6D}.Release|Mixed Platforms.Build.0 = Release|Any CPU
		{DE5E2051-B05C-4129-B9C5-110E24A2DD6D}.Release|x86.ActiveCfg = Release|Any CPU
		{E511B53C-FB53-46A5-AA50-F0B688C72361}.Debug|Any CPU.ActiveCfg = Debug|Any CPU
		{E511B53C-FB53-46A5-AA50-F0B688C72361}.Debug|Any CPU.Build.0 = Debug|Any CPU
		{E511B53C-FB53-46A5-AA50-F0B688C72361}.Debug|Mixed Platforms.ActiveCfg = Debug|Any CPU
		{E511B53C-FB53-46A5-AA50-F0B688C72361}.Debug|Mixed Platforms.Build.0 = Debug|Any CPU
		{E511B53C-FB53-46A5-AA50-F0B688C72361}.Debug|x86.ActiveCfg = Debug|Any CPU
		{E511B53C-FB53-46A5-AA50-F0B688C72361}.Release|Any CPU.ActiveCfg = Release|Any CPU
		{E511B53C-FB53-46A5-AA50-F0B688C72361}.Release|Any CPU.Build.0 = Release|Any CPU
		{E511B53C-FB53-46A5-AA50-F0B688C72361}.Release|Mixed Platforms.ActiveCfg = Release|Any CPU
		{E511B53C-FB53-46A5-AA50-F0B688C72361}.Release|Mixed Platforms.Build.0 = Release|Any CPU
		{E511B53C-FB53-46A5-AA50-F0B688C72361}.Release|x86.ActiveCfg = Release|Any CPU
	EndGlobalSection
	GlobalSection(SolutionProperties) = preSolution
		HideSolutionNode = FALSE
	EndGlobalSection
	GlobalSection(NestedProjects) = preSolution
		{360D1C24-8796-464F-95C0-3363B1FD9AB2} = {CE47D675-8D2F-461F-829D-8F6922D7DBE0}
		{9686238D-3AC2-4295-B66D-21FB6F091C9C} = {CE47D675-8D2F-461F-829D-8F6922D7DBE0}
		{F4BC4C54-289F-4FD0-A3F8-5F4B3C68D412} = {CE47D675-8D2F-461F-829D-8F6922D7DBE0}
		{012959C6-286F-47CB-85D2-228676ABE0B3} = {CE47D675-8D2F-461F-829D-8F6922D7DBE0}
		{718EF206-52BC-49B7-BA6D-2812F756B3C4} = {CE47D675-8D2F-461F-829D-8F6922D7DBE0}
		{72B5A681-D56D-484D-A715-017DD851B8E6} = {CE47D675-8D2F-461F-829D-8F6922D7DBE0}
		{10ED96A9-B82F-4950-B31D-B99C415112C8} = {54B37ED2-FF52-4C5F-B24E-DD4B8A764DB0}
		{86741AC0-AC5B-4FD4-ABF1-BF34BA73914B} = {5638E605-B360-4852-9FA8-BAFDE742A560}
		{92622F56-C3E8-4AB9-ABFE-4584AF6EC830} = {CE47D675-8D2F-461F-829D-8F6922D7DBE0}
		{A9B0D8BC-3179-4365-AA96-233131D8DCA3} = {CE47D675-8D2F-461F-829D-8F6922D7DBE0}
		{FE825D57-B8F2-4BEB-A90D-748CA4F45105} = {CE47D675-8D2F-461F-829D-8F6922D7DBE0}
		{02AC6258-A4BD-4270-B385-6AA22E6538F5} = {CE47D675-8D2F-461F-829D-8F6922D7DBE0}
		{3A476B40-8529-4EAD-AB83-A8B0838859E4} = {CE47D675-8D2F-461F-829D-8F6922D7DBE0}
		{E755D65A-24B1-4FEF-B7D0-5B4046442EC5} = {CE47D675-8D2F-461F-829D-8F6922D7DBE0}
		{1C4B9C03-BDF1-418A-9B73-A60BFEE21CFE} = {CE47D675-8D2F-461F-829D-8F6922D7DBE0}
		{A0DE45DF-D362-4D3B-8886-668F91F39DB3} = {54B37ED2-FF52-4C5F-B24E-DD4B8A764DB0}
		{AA2B41E4-00E2-4E2B-B81B-92CDDA489CA6} = {CE47D675-8D2F-461F-829D-8F6922D7DBE0}
		{72DEA258-586A-478E-964C-673CAAB4BC01} = {CE47D675-8D2F-461F-829D-8F6922D7DBE0}
		{77D1684D-144F-43CA-B764-1686BDECE8E1} = {CE47D675-8D2F-461F-829D-8F6922D7DBE0}
		{48873CC1-9BEC-46FF-BF4F-2B173226F8AC} = {CE47D675-8D2F-461F-829D-8F6922D7DBE0}
		{051F6111-E689-41A7-9B3E-FF61D44136B1} = {CE47D675-8D2F-461F-829D-8F6922D7DBE0}
		{D9ACF5F2-B124-468A-8071-B1EBABCDB1EA} = {CE47D675-8D2F-461F-829D-8F6922D7DBE0}
		{43827F39-E144-4548-BE22-B94DCD7973A2} = {54B37ED2-FF52-4C5F-B24E-DD4B8A764DB0}
		{618C5CDC-476D-45D6-9814-AD461F2E0878} = {54B37ED2-FF52-4C5F-B24E-DD4B8A764DB0}
		{16D1849D-1251-4B8C-B45E-20D657A4C16F} = {CE47D675-8D2F-461F-829D-8F6922D7DBE0}
		{97ACDC30-0B6C-4926-9674-7062E04539B9} = {CE47D675-8D2F-461F-829D-8F6922D7DBE0}
		{07B7395B-94B8-4392-B591-1647B0835A0B} = {54B37ED2-FF52-4C5F-B24E-DD4B8A764DB0}
		{A8C172C5-9E0E-4DDD-A295-FB9468C0AA79} = {CE47D675-8D2F-461F-829D-8F6922D7DBE0}
		{6E2E5049-771E-44AA-A2DF-0A4751410F1B} = {54B37ED2-FF52-4C5F-B24E-DD4B8A764DB0}
		{E4460F0C-4829-4C66-AD4B-EC6823534F66} = {6E2E5049-771E-44AA-A2DF-0A4751410F1B}
		{874A3A2F-20EC-4CD5-9DC8-2DAB7B497434} = {CE47D675-8D2F-461F-829D-8F6922D7DBE0}
		{41838684-F0F0-4DA2-B582-C0F672DACAD5} = {CE47D675-8D2F-461F-829D-8F6922D7DBE0}
		{199B6DAB-67B6-4B32-97E6-4549D33D4FF8} = {54B37ED2-FF52-4C5F-B24E-DD4B8A764DB0}
		{7E33DD0B-629F-4AF1-8E87-E8582CC26309} = {CE47D675-8D2F-461F-829D-8F6922D7DBE0}
		{E4FA4931-8803-4CA8-AADA-B632CE525210} = {54B37ED2-FF52-4C5F-B24E-DD4B8A764DB0}
		{F8C1BBCE-DB57-4877-A0C1-F55E1C141D72} = {6E2E5049-771E-44AA-A2DF-0A4751410F1B}
		{7A6B02AF-B576-4BFD-B398-508553BDBD26} = {CE47D675-8D2F-461F-829D-8F6922D7DBE0}
		{75CB307F-CF10-4BD6-8A57-150D3B25640D} = {54B37ED2-FF52-4C5F-B24E-DD4B8A764DB0}
		{1F9E45E3-6DEB-4EEB-8824-4BEAFE815487} = {CE47D675-8D2F-461F-829D-8F6922D7DBE0}
		{E3A05366-20F7-4A13-8418-CEB901059A83} = {CE47D675-8D2F-461F-829D-8F6922D7DBE0}
		{680AC2CC-416E-4C43-9B9C-2C388FE19EC9} = {6E2E5049-771E-44AA-A2DF-0A4751410F1B}
		{A8632B69-6FB1-4D15-9850-560B69B770E0} = {680AC2CC-416E-4C43-9B9C-2C388FE19EC9}
		{48633B13-12EB-4616-A1DA-F088F27B5C05} = {680AC2CC-416E-4C43-9B9C-2C388FE19EC9}
		{2CE3F5A6-D6A4-440D-8DC4-B3D332E14D71} = {680AC2CC-416E-4C43-9B9C-2C388FE19EC9}
		{6C4BA419-9698-4B17-85FD-20280A0B52FA} = {54B37ED2-FF52-4C5F-B24E-DD4B8A764DB0}
		{F690FF8B-77CF-416D-A4F4-92525D850E7D} = {CE47D675-8D2F-461F-829D-8F6922D7DBE0}
		{B9C6EF09-D1DF-406E-80B4-5D586B31B1AC} = {54B37ED2-FF52-4C5F-B24E-DD4B8A764DB0}
		{08C4003F-D2A4-4211-BDE0-F57FEAA75DD9} = {54B37ED2-FF52-4C5F-B24E-DD4B8A764DB0}
		{591A33D8-E1B8-480D-ADF2-121BC08B4839} = {6E2E5049-771E-44AA-A2DF-0A4751410F1B}
		{01DF9954-C595-45B4-8B04-FEEC62C54B9F} = {591A33D8-E1B8-480D-ADF2-121BC08B4839}
		{0F661570-3BFC-4F20-8F93-81938A47A82E} = {591A33D8-E1B8-480D-ADF2-121BC08B4839}
		{3B9038AD-35AE-403F-979D-7F5E65C0D83F} = {CE47D675-8D2F-461F-829D-8F6922D7DBE0}
		{38B1E24B-C53E-464C-AEA2-1BB927E612FD} = {54B37ED2-FF52-4C5F-B24E-DD4B8A764DB0}
		{97B4E2D6-B998-40C4-B8EF-00D9E49C0F30} = {6E2E5049-771E-44AA-A2DF-0A4751410F1B}
		{7DC8A4AD-1698-4B83-9F55-7A366771B7B0} = {6E2E5049-771E-44AA-A2DF-0A4751410F1B}
		{2530E1E1-F6AB-406B-BFDC-47827F6FE3C1} = {7DC8A4AD-1698-4B83-9F55-7A366771B7B0}
		{94290304-F324-4A77-AE8E-8CF89C4A371E} = {7DC8A4AD-1698-4B83-9F55-7A366771B7B0}
		{4773B09F-5A52-4DC4-ABC2-2703E002F4CA} = {7DC8A4AD-1698-4B83-9F55-7A366771B7B0}
		{ECA3E672-CFC4-42C8-A6EC-833318729BA9} = {7DC8A4AD-1698-4B83-9F55-7A366771B7B0}
		{7FD72E80-D8E8-4969-9450-B0C1BCD97F14} = {54B37ED2-FF52-4C5F-B24E-DD4B8A764DB0}
		{1224E626-3643-4E26-B6FC-756EF147BF25} = {54B37ED2-FF52-4C5F-B24E-DD4B8A764DB0}
		{9D09AA16-000B-47BC-8E57-F82C4E51809D} = {591A33D8-E1B8-480D-ADF2-121BC08B4839}
		{905F9FF1-FC9D-4C23-9034-092C3DAB9A03} = {9D09AA16-000B-47BC-8E57-F82C4E51809D}
		{DE5E2051-B05C-4129-B9C5-110E24A2DD6D} = {9D09AA16-000B-47BC-8E57-F82C4E51809D}
		{E511B53C-FB53-46A5-AA50-F0B688C72361} = {9D09AA16-000B-47BC-8E57-F82C4E51809D}
	EndGlobalSection
EndGlobal
