
Microsoft Visual Studio Solution File, Format Version 12.00
# Visual Studio 2013
VisualStudioVersion = 12.0.40629.0
MinimumVisualStudioVersion = 10.0.40219.1
Project("{FAE04EC0-301F-11D3-BF4B-00C04F79EFBC}") = "ThreadsLockTest", "ThreadsLockTest\ThreadsLockTest.csproj", "{8D1994F4-5980-4458-87B0-774AEE327CD1}"
EndProject
Project("{FAE04EC0-301F-11D3-BF4B-00C04F79EFBC}") = "ClrMdTest", "ClrMdTest\ClrMdTest.csproj", "{F7D24B57-7080-4F4C-8959-C253770528BD}"
EndProject
Global
	GlobalSection(SolutionConfigurationPlatforms) = preSolution
		Debug|Any CPU = Debug|Any CPU
		Release|Any CPU = Release|Any CPU
	EndGlobalSection
	GlobalSection(ProjectConfigurationPlatforms) = postSolution
		{8D1994F4-5980-4458-87B0-774AEE327CD1}.Debug|Any CPU.ActiveCfg = Debug|Any CPU
		{8D1994F4-5980-4458-87B0-774AEE327CD1}.Debug|Any CPU.Build.0 = Debug|Any CPU
		{8D1994F4-5980-4458-87B0-774AEE327CD1}.Release|Any CPU.ActiveCfg = Release|Any CPU
		{8D1994F4-5980-4458-87B0-774AEE327CD1}.Release|Any CPU.Build.0 = Release|Any CPU
		{F7D24B57-7080-4F4C-8959-C253770528BD}.Debug|Any CPU.ActiveCfg = Debug|Any CPU
		{F7D24B57-7080-4F4C-8959-C253770528BD}.Debug|Any CPU.Build.0 = Debug|Any CPU
		{F7D24B57-7080-4F4C-8959-C253770528BD}.Release|Any CPU.ActiveCfg = Release|Any CPU
		{F7D24B57-7080-4F4C-8959-C253770528BD}.Release|Any CPU.Build.0 = Release|Any CPU
	EndGlobalSection
	GlobalSection(SolutionProperties) = preSolution
		HideSolutionNode = FALSE
	EndGlobalSection
EndGlobal
