
Microsoft Visual Studio Solution File, Format Version 12.00
# Visual Studio 2012
Project("{FAE04EC0-301F-11D3-BF4B-00C04F79EFBC}") = "SerialFileTransfer", "SerialFileTransfer\SerialFileTransfer.csproj", "{2F0E0E16-9371-4090-B239-5F4F33C55067}"
EndProject
Project("{FAE04EC0-301F-11D3-BF4B-00C04F79EFBC}") = "SerialFileReceiver", "SerialFileReceiver\SerialFileReceiver.csproj", "{5E433C48-FF0C-4498-8F54-76793120D1E2}"
EndProject
Project("{FAE04EC0-301F-11D3-BF4B-00C04F79EFBC}") = "SerialFileSender", "SerialFileSender\SerialFileSender.csproj", "{EAD1D6BD-27CD-483A-8BA5-128568DAA183}"
EndProject
Project("{FAE04EC0-301F-11D3-BF4B-00C04F79EFBC}") = "SerialFileCommon", "SerialFileCommon\SerialFileCommon.csproj", "{D3BB85E8-E3E7-413F-84DE-BB9CE3370BEB}"
EndProject
Global
	GlobalSection(SolutionConfigurationPlatforms) = preSolution
		Debug|Any CPU = Debug|Any CPU
		Release|Any CPU = Release|Any CPU
	EndGlobalSection
	GlobalSection(ProjectConfigurationPlatforms) = postSolution
		{2F0E0E16-9371-4090-B239-5F4F33C55067}.Debug|Any CPU.ActiveCfg = Debug|Any CPU
		{2F0E0E16-9371-4090-B239-5F4F33C55067}.Debug|Any CPU.Build.0 = Debug|Any CPU
		{2F0E0E16-9371-4090-B239-5F4F33C55067}.Release|Any CPU.ActiveCfg = Release|Any CPU
		{2F0E0E16-9371-4090-B239-5F4F33C55067}.Release|Any CPU.Build.0 = Release|Any CPU
		{5E433C48-FF0C-4498-8F54-76793120D1E2}.Debug|Any CPU.ActiveCfg = Debug|Any CPU
		{5E433C48-FF0C-4498-8F54-76793120D1E2}.Debug|Any CPU.Build.0 = Debug|Any CPU
		{5E433C48-FF0C-4498-8F54-76793120D1E2}.Release|Any CPU.ActiveCfg = Release|Any CPU
		{5E433C48-FF0C-4498-8F54-76793120D1E2}.Release|Any CPU.Build.0 = Release|Any CPU
		{EAD1D6BD-27CD-483A-8BA5-128568DAA183}.Debug|Any CPU.ActiveCfg = Debug|Any CPU
		{EAD1D6BD-27CD-483A-8BA5-128568DAA183}.Debug|Any CPU.Build.0 = Debug|Any CPU
		{EAD1D6BD-27CD-483A-8BA5-128568DAA183}.Release|Any CPU.ActiveCfg = Release|Any CPU
		{EAD1D6BD-27CD-483A-8BA5-128568DAA183}.Release|Any CPU.Build.0 = Release|Any CPU
		{D3BB85E8-E3E7-413F-84DE-BB9CE3370BEB}.Debug|Any CPU.ActiveCfg = Debug|Any CPU
		{D3BB85E8-E3E7-413F-84DE-BB9CE3370BEB}.Debug|Any CPU.Build.0 = Debug|Any CPU
		{D3BB85E8-E3E7-413F-84DE-BB9CE3370BEB}.Release|Any CPU.ActiveCfg = Release|Any CPU
		{D3BB85E8-E3E7-413F-84DE-BB9CE3370BEB}.Release|Any CPU.Build.0 = Release|Any CPU
	EndGlobalSection
	GlobalSection(SolutionProperties) = preSolution
		HideSolutionNode = FALSE
	EndGlobalSection
EndGlobal
